// !$*UTF8*$!
{
	archiveVersion = 1;
	classes = {
	};
	objectVersion = 46;
	objects = {

/* Begin PBXBuildFile section */
		83A0493F1CA3B0760040FB3B /* AppDelegate.swift in Sources */ = {isa = PBXBuildFile; fileRef = 83A0493E1CA3B0760040FB3B /* AppDelegate.swift */; };
		83A049411CA3B0760040FB3B /* ViewController.swift in Sources */ = {isa = PBXBuildFile; fileRef = 83A049401CA3B0760040FB3B /* ViewController.swift */; };
		83A049441CA3B0760040FB3B /* Main.storyboard in Resources */ = {isa = PBXBuildFile; fileRef = 83A049421CA3B0760040FB3B /* Main.storyboard */; };
		83A049461CA3B0760040FB3B /* Assets.xcassets in Resources */ = {isa = PBXBuildFile; fileRef = 83A049451CA3B0760040FB3B /* Assets.xcassets */; };
		83A049491CA3B0760040FB3B /* LaunchScreen.storyboard in Resources */ = {isa = PBXBuildFile; fileRef = 83A049471CA3B0760040FB3B /* LaunchScreen.storyboard */; };
		83A049541CA3B0760040FB3B /* BlogReaderTests.swift in Sources */ = {isa = PBXBuildFile; fileRef = 83A049531CA3B0760040FB3B /* BlogReaderTests.swift */; };
		83A0495F1CA3B0760040FB3B /* BlogReaderUITests.swift in Sources */ = {isa = PBXBuildFile; fileRef = 83A0495E1CA3B0760040FB3B /* BlogReaderUITests.swift */; };
/* End PBXBuildFile section */

/* Begin PBXContainerItemProxy section */
		83A049501CA3B0760040FB3B /* PBXContainerItemProxy */ = {
			isa = PBXContainerItemProxy;
			containerPortal = 83A049331CA3B0760040FB3B /* Project object */;
			proxyType = 1;
			remoteGlobalIDString = 83A0493A1CA3B0760040FB3B;
			remoteInfo = BlogReader;
		};
		83A0495B1CA3B0760040FB3B /* PBXContainerItemProxy */ = {
			isa = PBXContainerItemProxy;
			containerPortal = 83A049331CA3B0760040FB3B /* Project object */;
			proxyType = 1;
			remoteGlobalIDString = 83A0493A1CA3B0760040FB3B;
			remoteInfo = BlogReader;
		};
/* End PBXContainerItemProxy section */

/* Begin PBXFileReference section */
		83A0493B1CA3B0760040FB3B /* BlogReader.app */ = {isa = PBXFileReference; explicitFileType = wrapper.application; includeInIndex = 0; path = BlogReader.app; sourceTree = BUILT_PRODUCTS_DIR; };
		83A0493E1CA3B0760040FB3B /* AppDelegate.swift */ = {isa = PBXFileReference; lastKnownFileType = sourcecode.swift; path = AppDelegate.swift; sourceTree = "<group>"; };
		83A049401CA3B0760040FB3B /* ViewController.swift */ = {isa = PBXFileReference; lastKnownFileType = sourcecode.swift; path = ViewController.swift; sourceTree = "<group>"; };
		83A049431CA3B0760040FB3B /* Base */ = {isa = PBXFileReference; lastKnownFileType = file.storyboard; name = Base; path = Base.lproj/Main.storyboard; sourceTree = "<group>"; };
		83A049451CA3B0760040FB3B /* Assets.xcassets */ = {isa = PBXFileReference; lastKnownFileType = folder.assetcatalog; path = Assets.xcassets; sourceTree = "<group>"; };
		83A049481CA3B0760040FB3B /* Base */ = {isa = PBXFileReference; lastKnownFileType = file.storyboard; name = Base; path = Base.lproj/LaunchScreen.storyboard; sourceTree = "<group>"; };
		83A0494A1CA3B0760040FB3B /* Info.plist */ = {isa = PBXFileReference; lastKnownFileType = text.plist.xml; path = Info.plist; sourceTree = "<group>"; };
		83A0494F1CA3B0760040FB3B /* BlogReaderTests.xctest */ = {isa = PBXFileReference; explicitFileType = wrapper.cfbundle; includeInIndex = 0; path = BlogReaderTests.xctest; sourceTree = BUILT_PRODUCTS_DIR; };
		83A049531CA3B0760040FB3B /* BlogReaderTests.swift */ = {isa = PBXFileReference; lastKnownFileType = sourcecode.swift; path = BlogReaderTests.swift; sourceTree = "<group>"; };
		83A049551CA3B0760040FB3B /* Info.plist */ = {isa = PBXFileReference; lastKnownFileType = text.plist.xml; path = Info.plist; sourceTree = "<group>"; };
		83A0495A1CA3B0760040FB3B /* BlogReaderUITests.xctest */ = {isa = PBXFileReference; explicitFileType = wrapper.cfbundle; includeInIndex = 0; path = BlogReaderUITests.xctest; sourceTree = BUILT_PRODUCTS_DIR; };
		83A0495E1CA3B0760040FB3B /* BlogReaderUITests.swift */ = {isa = PBXFileReference; lastKnownFileType = sourcecode.swift; path = BlogReaderUITests.swift; sourceTree = "<group>"; };
		83A049601CA3B0760040FB3B /* Info.plist */ = {isa = PBXFileReference; lastKnownFileType = text.plist.xml; path = Info.plist; sourceTree = "<group>"; };
/* End PBXFileReference section */

/* Begin PBXFrameworksBuildPhase section */
		83A049381CA3B0760040FB3B /* Frameworks */ = {
			isa = PBXFrameworksBuildPhase;
			buildActionMask = 2147483647;
			files = (
			);
			runOnlyForDeploymentPostprocessing = 0;
		};
		83A0494C1CA3B0760040FB3B /* Frameworks */ = {
			isa = PBXFrameworksBuildPhase;
			buildActionMask = 2147483647;
			files = (
			);
			runOnlyForDeploymentPostprocessing = 0;
		};
		83A049571CA3B0760040FB3B /* Frameworks */ = {
			isa = PBXFrameworksBuildPhase;
			buildActionMask = 2147483647;
			files = (
			);
			runOnlyForDeploymentPostprocessing = 0;
		};
/* End PBXFrameworksBuildPhase section */

/* Begin PBXGroup section */
		83A049321CA3B0760040FB3B = {
			isa = PBXGroup;
			children = (
				83A0493D1CA3B0760040FB3B /* BlogReader */,
				83A049521CA3B0760040FB3B /* BlogReaderTests */,
				83A0495D1CA3B0760040FB3B /* BlogReaderUITests */,
				83A0493C1CA3B0760040FB3B /* Products */,
			);
			sourceTree = "<group>";
		};
		83A0493C1CA3B0760040FB3B /* Products */ = {
			isa = PBXGroup;
			children = (
				83A0493B1CA3B0760040FB3B /* BlogReader.app */,
				83A0494F1CA3B0760040FB3B /* BlogReaderTests.xctest */,
				83A0495A1CA3B0760040FB3B /* BlogReaderUITests.xctest */,
			);
			name = Products;
			sourceTree = "<group>";
		};
		83A0493D1CA3B0760040FB3B /* BlogReader */ = {
			isa = PBXGroup;
			children = (
				83A0493E1CA3B0760040FB3B /* AppDelegate.swift */,
				83A049401CA3B0760040FB3B /* ViewController.swift */,
				83A049421CA3B0760040FB3B /* Main.storyboard */,
				83A049451CA3B0760040FB3B /* Assets.xcassets */,
				83A049471CA3B0760040FB3B /* LaunchScreen.storyboard */,
				83A0494A1CA3B0760040FB3B /* Info.plist */,
			);
			path = BlogReader;
			sourceTree = "<group>";
		};
		83A049521CA3B0760040FB3B /* BlogReaderTests */ = {
			isa = PBXGroup;
			children = (
				83A049531CA3B0760040FB3B /* BlogReaderTests.swift */,
				83A049551CA3B0760040FB3B /* Info.plist */,
			);
			path = BlogReaderTests;
			sourceTree = "<group>";
		};
		83A0495D1CA3B0760040FB3B /* BlogReaderUITests */ = {
			isa = PBXGroup;
			children = (
				83A0495E1CA3B0760040FB3B /* BlogReaderUITests.swift */,
				83A049601CA3B0760040FB3B /* Info.plist */,
			);
			path = BlogReaderUITests;
			sourceTree = "<group>";
		};
/* End PBXGroup section */

/* Begin PBXNativeTarget section */
		83A0493A1CA3B0760040FB3B /* BlogReader */ = {
			isa = PBXNativeTarget;
			buildConfigurationList = 83A049631CA3B0760040FB3B /* Build configuration list for PBXNativeTarget "BlogReader" */;
			buildPhases = (
				83A049371CA3B0760040FB3B /* Sources */,
				83A049381CA3B0760040FB3B /* Frameworks */,
				83A049391CA3B0760040FB3B /* Resources */,
			);
			buildRules = (
			);
			dependencies = (
			);
			name = BlogReader;
			productName = BlogReader;
			productReference = 83A0493B1CA3B0760040FB3B /* BlogReader.app */;
			productType = "com.apple.product-type.application";
		};
		83A0494E1CA3B0760040FB3B /* BlogReaderTests */ = {
			isa = PBXNativeTarget;
			buildConfigurationList = 83A049661CA3B0760040FB3B /* Build configuration list for PBXNativeTarget "BlogReaderTests" */;
			buildPhases = (
				83A0494B1CA3B0760040FB3B /* Sources */,
				83A0494C1CA3B0760040FB3B /* Frameworks */,
				83A0494D1CA3B0760040FB3B /* Resources */,
			);
			buildRules = (
			);
			dependencies = (
				83A049511CA3B0760040FB3B /* PBXTargetDependency */,
			);
			name = BlogReaderTests;
			productName = BlogReaderTests;
			productReference = 83A0494F1CA3B0760040FB3B /* BlogReaderTests.xctest */;
			productType = "com.apple.product-type.bundle.unit-test";
		};
		83A049591CA3B0760040FB3B /* BlogReaderUITests */ = {
			isa = PBXNativeTarget;
			buildConfigurationList = 83A049691CA3B0760040FB3B /* Build configuration list for PBXNativeTarget "BlogReaderUITests" */;
			buildPhases = (
				83A049561CA3B0760040FB3B /* Sources */,
				83A049571CA3B0760040FB3B /* Frameworks */,
				83A049581CA3B0760040FB3B /* Resources */,
			);
			buildRules = (
			);
			dependencies = (
				83A0495C1CA3B0760040FB3B /* PBXTargetDependency */,
			);
			name = BlogReaderUITests;
			productName = BlogReaderUITests;
			productReference = 83A0495A1CA3B0760040FB3B /* BlogReaderUITests.xctest */;
			productType = "com.apple.product-type.bundle.ui-testing";
		};
/* End PBXNativeTarget section */

/* Begin PBXProject section */
		83A049331CA3B0760040FB3B /* Project object */ = {
			isa = PBXProject;
			attributes = {
				LastSwiftUpdateCheck = 0720;
				LastUpgradeCheck = 0720;
				ORGANIZATIONNAME = "Elizabeth Wei";
				TargetAttributes = {
					83A0493A1CA3B0760040FB3B = {
						CreatedOnToolsVersion = 7.2.1;
					};
					83A0494E1CA3B0760040FB3B = {
						CreatedOnToolsVersion = 7.2.1;
						TestTargetID = 83A0493A1CA3B0760040FB3B;
					};
					83A049591CA3B0760040FB3B = {
						CreatedOnToolsVersion = 7.2.1;
						TestTargetID = 83A0493A1CA3B0760040FB3B;
					};
				};
			};
			buildConfigurationList = 83A049361CA3B0760040FB3B /* Build configuration list for PBXProject "BlogReader" */;
			compatibilityVersion = "Xcode 3.2";
			developmentRegion = English;
			hasScannedForEncodings = 0;
			knownRegions = (
				en,
				Base,
			);
			mainGroup = 83A049321CA3B0760040FB3B;
			productRefGroup = 83A0493C1CA3B0760040FB3B /* Products */;
			projectDirPath = "";
			projectRoot = "";
			targets = (
				83A0493A1CA3B0760040FB3B /* BlogReader */,
				83A0494E1CA3B0760040FB3B /* BlogReaderTests */,
				83A049591CA3B0760040FB3B /* BlogReaderUITests */,
			);
		};
/* End PBXProject section */

/* Begin PBXResourcesBuildPhase section */
		83A049391CA3B0760040FB3B /* Resources */ = {
			isa = PBXResourcesBuildPhase;
			buildActionMask = 2147483647;
			files = (
				83A049491CA3B0760040FB3B /* LaunchScreen.storyboard in Resources */,
				83A049461CA3B0760040FB3B /* Assets.xcassets in Resources */,
				83A049441CA3B0760040FB3B /* Main.storyboard in Resources */,
			);
			runOnlyForDeploymentPostprocessing = 0;
		};
		83A0494D1CA3B0760040FB3B /* Resources */ = {
			isa = PBXResourcesBuildPhase;
			buildActionMask = 2147483647;
			files = (
			);
			runOnlyForDeploymentPostprocessing = 0;
		};
		83A049581CA3B0760040FB3B /* Resources */ = {
			isa = PBXResourcesBuildPhase;
			buildActionMask = 2147483647;
			files = (
			);
			runOnlyForDeploymentPostprocessing = 0;
		};
/* End PBXResourcesBuildPhase section */

/* Begin PBXSourcesBuildPhase section */
		83A049371CA3B0760040FB3B /* Sources */ = {
			isa = PBXSourcesBuildPhase;
			buildActionMask = 2147483647;
			files = (
				83A049411CA3B0760040FB3B /* ViewController.swift in Sources */,
				83A0493F1CA3B0760040FB3B /* AppDelegate.swift in Sources */,
			);
			runOnlyForDeploymentPostprocessing = 0;
		};
		83A0494B1CA3B0760040FB3B /* Sources */ = {
			isa = PBXSourcesBuildPhase;
			buildActionMask = 2147483647;
			files = (
				83A049541CA3B0760040FB3B /* BlogReaderTests.swift in Sources */,
			);
			runOnlyForDeploymentPostprocessing = 0;
		};
		83A049561CA3B0760040FB3B /* Sources */ = {
			isa = PBXSourcesBuildPhase;
			buildActionMask = 2147483647;
			files = (
				83A0495F1CA3B0760040FB3B /* BlogReaderUITests.swift in Sources */,
			);
			runOnlyForDeploymentPostprocessing = 0;
		};
/* End PBXSourcesBuildPhase section */

/* Begin PBXTargetDependency section */
		83A049511CA3B0760040FB3B /* PBXTargetDependency */ = {
			isa = PBXTargetDependency;
			target = 83A0493A1CA3B0760040FB3B /* BlogReader */;
			targetProxy = 83A049501CA3B0760040FB3B /* PBXContainerItemProxy */;
		};
		83A0495C1CA3B0760040FB3B /* PBXTargetDependency */ = {
			isa = PBXTargetDependency;
			target = 83A0493A1CA3B0760040FB3B /* BlogReader */;
			targetProxy = 83A0495B1CA3B0760040FB3B /* PBXContainerItemProxy */;
		};
/* End PBXTargetDependency section */

/* Begin PBXVariantGroup section */
		83A049421CA3B0760040FB3B /* Main.storyboard */ = {
			isa = PBXVariantGroup;
			children = (
				83A049431CA3B0760040FB3B /* Base */,
			);
			name = Main.storyboard;
			sourceTree = "<group>";
		};
		83A049471CA3B0760040FB3B /* LaunchScreen.storyboard */ = {
			isa = PBXVariantGroup;
			children = (
				83A049481CA3B0760040FB3B /* Base */,
			);
			name = LaunchScreen.storyboard;
			sourceTree = "<group>";
		};
/* End PBXVariantGroup section */

/* Begin XCBuildConfiguration section */
		83A049611CA3B0760040FB3B /* Debug */ = {
			isa = XCBuildConfiguration;
			buildSettings = {
				ALWAYS_SEARCH_USER_PATHS = NO;
				CLANG_CXX_LANGUAGE_STANDARD = "gnu++0x";
				CLANG_CXX_LIBRARY = "libc++";
				CLANG_ENABLE_MODULES = YES;
				CLANG_ENABLE_OBJC_ARC = YES;
				CLANG_WARN_BOOL_CONVERSION = YES;
				CLANG_WARN_CONSTANT_CONVERSION = YES;
				CLANG_WARN_DIRECT_OBJC_ISA_USAGE = YES_ERROR;
				CLANG_WARN_EMPTY_BODY = YES;
				CLANG_WARN_ENUM_CONVERSION = YES;
				CLANG_WARN_INT_CONVERSION = YES;
				CLANG_WARN_OBJC_ROOT_CLASS = YES_ERROR;
				CLANG_WARN_UNREACHABLE_CODE = YES;
				CLANG_WARN__DUPLICATE_METHOD_MATCH = YES;
				"CODE_SIGN_IDENTITY[sdk=iphoneos*]" = "iPhone Developer";
				COPY_PHASE_STRIP = NO;
				DEBUG_INFORMATION_FORMAT = dwarf;
				ENABLE_STRICT_OBJC_MSGSEND = YES;
				ENABLE_TESTABILITY = YES;
				GCC_C_LANGUAGE_STANDARD = gnu99;
				GCC_DYNAMIC_NO_PIC = NO;
				GCC_NO_COMMON_BLOCKS = YES;
				GCC_OPTIMIZATION_LEVEL = 0;
				GCC_PREPROCESSOR_DEFINITIONS = (
					"DEBUG=1",
					"$(inherited)",
				);
				GCC_WARN_64_TO_32_BIT_CONVERSION = YES;
				GCC_WARN_ABOUT_RETURN_TYPE = YES_ERROR;
				GCC_WARN_UNDECLARED_SELECTOR = YES;
				GCC_WARN_UNINITIALIZED_AUTOS = YES_AGGRESSIVE;
				GCC_WARN_UNUSED_FUNCTION = YES;
				GCC_WARN_UNUSED_VARIABLE = YES;
				IPHONEOS_DEPLOYMENT_TARGET = 9.2;
				MTL_ENABLE_DEBUG_INFO = YES;
				ONLY_ACTIVE_ARCH = YES;
				SDKROOT = iphoneos;
				SWIFT_OPTIMIZATION_LEVEL = "-Onone";
				TARGETED_DEVICE_FAMILY = "1,2";
			};
			name = Debug;
		};
		83A049621CA3B0760040FB3B /* Release */ = {
			isa = XCBuildConfiguration;
			buildSettings = {
				ALWAYS_SEARCH_USER_PATHS = NO;
				CLANG_CXX_LANGUAGE_STANDARD = "gnu++0x";
				CLANG_CXX_LIBRARY = "libc++";
				CLANG_ENABLE_MODULES = YES;
				CLANG_ENABLE_OBJC_ARC = YES;
				CLANG_WARN_BOOL_CONVERSION = YES;
				CLANG_WARN_CONSTANT_CONVERSION = YES;
				CLANG_WARN_DIRECT_OBJC_ISA_USAGE = YES_ERROR;
				CLANG_WARN_EMPTY_BODY = YES;
				CLANG_WARN_ENUM_CONVERSION = YES;
				CLANG_WARN_INT_CONVERSION = YES;
				CLANG_WARN_OBJC_ROOT_CLASS = YES_ERROR;
				CLANG_WARN_UNREACHABLE_CODE = YES;
				CLANG_WARN__DUPLICATE_METHOD_MATCH = YES;
				"CODE_SIGN_IDENTITY[sdk=iphoneos*]" = "iPhone Developer";
				COPY_PHASE_STRIP = NO;
				DEBUG_INFORMATION_FORMAT = "dwarf-with-dsym";
				ENABLE_NS_ASSERTIONS = NO;
				ENABLE_STRICT_OBJC_MSGSEND = YES;
				GCC_C_LANGUAGE_STANDARD = gnu99;
				GCC_NO_COMMON_BLOCKS = YES;
				GCC_WARN_64_TO_32_BIT_CONVERSION = YES;
				GCC_WARN_ABOUT_RETURN_TYPE = YES_ERROR;
				GCC_WARN_UNDECLARED_SELECTOR = YES;
				GCC_WARN_UNINITIALIZED_AUTOS = YES_AGGRESSIVE;
				GCC_WARN_UNUSED_FUNCTION = YES;
				GCC_WARN_UNUSED_VARIABLE = YES;
				IPHONEOS_DEPLOYMENT_TARGET = 9.2;
				MTL_ENABLE_DEBUG_INFO = NO;
				SDKROOT = iphoneos;
				TARGETED_DEVICE_FAMILY = "1,2";
				VALIDATE_PRODUCT = YES;
			};
			name = Release;
		};
		83A049641CA3B0760040FB3B /* Debug */ = {
			isa = XCBuildConfiguration;
			buildSettings = {
				ASSETCATALOG_COMPILER_APPICON_NAME = AppIcon;
				INFOPLIST_FILE = BlogReader/Info.plist;
				LD_RUNPATH_SEARCH_PATHS = "$(inherited) @executable_path/Frameworks";
				PRODUCT_BUNDLE_IDENTIFIER = com.elizabethwei.BlogReader;
				PRODUCT_NAME = "$(TARGET_NAME)";
			};
			name = Debug;
		};
		83A049651CA3B0760040FB3B /* Release */ = {
			isa = XCBuildConfiguration;
			buildSettings = {
				ASSETCATALOG_COMPILER_APPICON_NAME = AppIcon;
				INFOPLIST_FILE = BlogReader/Info.plist;
				LD_RUNPATH_SEARCH_PATHS = "$(inherited) @executable_path/Frameworks";
				PRODUCT_BUNDLE_IDENTIFIER = com.elizabethwei.BlogReader;
				PRODUCT_NAME = "$(TARGET_NAME)";
			};
			name = Release;
		};
		83A049671CA3B0760040FB3B /* Debug */ = {
			isa = XCBuildConfiguration;
			buildSettings = {
				BUNDLE_LOADER = "$(TEST_HOST)";
				INFOPLIST_FILE = BlogReaderTests/Info.plist;
				LD_RUNPATH_SEARCH_PATHS = "$(inherited) @executable_path/Frameworks @loader_path/Frameworks";
				PRODUCT_BUNDLE_IDENTIFIER = com.elizabethwei.BlogReaderTests;
				PRODUCT_NAME = "$(TARGET_NAME)";
				TEST_HOST = "$(BUILT_PRODUCTS_DIR)/BlogReader.app/BlogReader";
			};
			name = Debug;
		};
		83A049681CA3B0760040FB3B /* Release */ = {
			isa = XCBuildConfiguration;
			buildSettings = {
				BUNDLE_LOADER = "$(TEST_HOST)";
				INFOPLIST_FILE = BlogReaderTests/Info.plist;
				LD_RUNPATH_SEARCH_PATHS = "$(inherited) @executable_path/Frameworks @loader_path/Frameworks";
				PRODUCT_BUNDLE_IDENTIFIER = com.elizabethwei.BlogReaderTests;
				PRODUCT_NAME = "$(TARGET_NAME)";
				TEST_HOST = "$(BUILT_PRODUCTS_DIR)/BlogReader.app/BlogReader";
			};
			name = Release;
		};
		83A0496A1CA3B0760040FB3B /* Debug */ = {
			isa = XCBuildConfiguration;
			buildSettings = {
				INFOPLIST_FILE = BlogReaderUITests/Info.plist;
				LD_RUNPATH_SEARCH_PATHS = "$(inherited) @executable_path/Frameworks @loader_path/Frameworks";
				PRODUCT_BUNDLE_IDENTIFIER = com.elizabethwei.BlogReaderUITests;
				PRODUCT_NAME = "$(TARGET_NAME)";
				TEST_TARGET_NAME = BlogReader;
				USES_XCTRUNNER = YES;
			};
			name = Debug;
		};
		83A0496B1CA3B0760040FB3B /* Release */ = {
			isa = XCBuildConfiguration;
			buildSettings = {
				INFOPLIST_FILE = BlogReaderUITests/Info.plist;
				LD_RUNPATH_SEARCH_PATHS = "$(inherited) @executable_path/Frameworks @loader_path/Frameworks";
				PRODUCT_BUNDLE_IDENTIFIER = com.elizabethwei.BlogReaderUITests;
				PRODUCT_NAME = "$(TARGET_NAME)";
				TEST_TARGET_NAME = BlogReader;
				USES_XCTRUNNER = YES;
			};
			name = Release;
		};
/* End XCBuildConfiguration section */

/* Begin XCConfigurationList section */
		83A049361CA3B0760040FB3B /* Build configuration list for PBXProject "BlogReader" */ = {
			isa = XCConfigurationList;
			buildConfigurations = (
				83A049611CA3B0760040FB3B /* Debug */,
				83A049621CA3B0760040FB3B /* Release */,
			);
			defaultConfigurationIsVisible = 0;
			defaultConfigurationName = Release;
		};
		83A049631CA3B0760040FB3B /* Build configuration list for PBXNativeTarget "BlogReader" */ = {
			isa = XCConfigurationList;
			buildConfigurations = (
				83A049641CA3B0760040FB3B /* Debug */,
				83A049651CA3B0760040FB3B /* Release */,
			);
			defaultConfigurationIsVisible = 0;
		};
		83A049661CA3B0760040FB3B /* Build configuration list for PBXNativeTarget "BlogReaderTests" */ = {
			isa = XCConfigurationList;
			buildConfigurations = (
				83A049671CA3B0760040FB3B /* Debug */,
				83A049681CA3B0760040FB3B /* Release */,
			);
			defaultConfigurationIsVisible = 0;
		};
		83A049691CA3B0760040FB3B /* Build configuration list for PBXNativeTarget "BlogReaderUITests" */ = {
			isa = XCConfigurationList;
			buildConfigurations = (
				83A0496A1CA3B0760040FB3B /* Debug */,
				83A0496B1CA3B0760040FB3B /* Release */,
			);
			defaultConfigurationIsVisible = 0;
		};
/* End XCConfigurationList section */
	};
	rootObject = 83A049331CA3B0760040FB3B /* Project object */;
}
