// !$*UTF8*$!
{
	archiveVersion = 1;
	classes = {
	};
	objectVersion = 46;
	objects = {

/* Begin PBXBuildFile section */
		837DDF431E185D46008AC487 /* AppDelegate.swift in Sources */ = {isa = PBXBuildFile; fileRef = 837DDF421E185D46008AC487 /* AppDelegate.swift */; };
		837DDF451E185D46008AC487 /* FirstViewController.swift in Sources */ = {isa = PBXBuildFile; fileRef = 837DDF441E185D46008AC487 /* FirstViewController.swift */; };
		837DDF471E185D46008AC487 /* SecondViewController.swift in Sources */ = {isa = PBXBuildFile; fileRef = 837DDF461E185D46008AC487 /* SecondViewController.swift */; };
		837DDF4A1E185D46008AC487 /* Main.storyboard in Resources */ = {isa = PBXBuildFile; fileRef = 837DDF481E185D46008AC487 /* Main.storyboard */; };
		837DDF4C1E185D46008AC487 /* Assets.xcassets in Resources */ = {isa = PBXBuildFile; fileRef = 837DDF4B1E185D46008AC487 /* Assets.xcassets */; };
		837DDF4F1E185D46008AC487 /* LaunchScreen.storyboard in Resources */ = {isa = PBXBuildFile; fileRef = 837DDF4D1E185D46008AC487 /* LaunchScreen.storyboard */; };
		837DDF5A1E185D46008AC487 /* BlogReaderTests.swift in Sources */ = {isa = PBXBuildFile; fileRef = 837DDF591E185D46008AC487 /* BlogReaderTests.swift */; };
		837DDF651E185D46008AC487 /* BlogReaderUITests.swift in Sources */ = {isa = PBXBuildFile; fileRef = 837DDF641E185D46008AC487 /* BlogReaderUITests.swift */; };
/* End PBXBuildFile section */

/* Begin PBXContainerItemProxy section */
		837DDF561E185D46008AC487 /* PBXContainerItemProxy */ = {
			isa = PBXContainerItemProxy;
			containerPortal = 837DDF371E185D46008AC487 /* Project object */;
			proxyType = 1;
			remoteGlobalIDString = 837DDF3E1E185D46008AC487;
			remoteInfo = BlogReader;
		};
		837DDF611E185D46008AC487 /* PBXContainerItemProxy */ = {
			isa = PBXContainerItemProxy;
			containerPortal = 837DDF371E185D46008AC487 /* Project object */;
			proxyType = 1;
			remoteGlobalIDString = 837DDF3E1E185D46008AC487;
			remoteInfo = BlogReader;
		};
/* End PBXContainerItemProxy section */

/* Begin PBXFileReference section */
		837DDF3F1E185D46008AC487 /* BlogReader.app */ = {isa = PBXFileReference; explicitFileType = wrapper.application; includeInIndex = 0; path = BlogReader.app; sourceTree = BUILT_PRODUCTS_DIR; };
		837DDF421E185D46008AC487 /* AppDelegate.swift */ = {isa = PBXFileReference; lastKnownFileType = sourcecode.swift; path = AppDelegate.swift; sourceTree = "<group>"; };
		837DDF441E185D46008AC487 /* FirstViewController.swift */ = {isa = PBXFileReference; lastKnownFileType = sourcecode.swift; path = FirstViewController.swift; sourceTree = "<group>"; };
		837DDF461E185D46008AC487 /* SecondViewController.swift */ = {isa = PBXFileReference; lastKnownFileType = sourcecode.swift; path = SecondViewController.swift; sourceTree = "<group>"; };
		837DDF491E185D46008AC487 /* Base */ = {isa = PBXFileReference; lastKnownFileType = file.storyboard; name = Base; path = Base.lproj/Main.storyboard; sourceTree = "<group>"; };
		837DDF4B1E185D46008AC487 /* Assets.xcassets */ = {isa = PBXFileReference; lastKnownFileType = folder.assetcatalog; path = Assets.xcassets; sourceTree = "<group>"; };
		837DDF4E1E185D46008AC487 /* Base */ = {isa = PBXFileReference; lastKnownFileType = file.storyboard; name = Base; path = Base.lproj/LaunchScreen.storyboard; sourceTree = "<group>"; };
		837DDF501E185D46008AC487 /* Info.plist */ = {isa = PBXFileReference; lastKnownFileType = text.plist.xml; path = Info.plist; sourceTree = "<group>"; };
		837DDF551E185D46008AC487 /* BlogReaderTests.xctest */ = {isa = PBXFileReference; explicitFileType = wrapper.cfbundle; includeInIndex = 0; path = BlogReaderTests.xctest; sourceTree = BUILT_PRODUCTS_DIR; };
		837DDF591E185D46008AC487 /* BlogReaderTests.swift */ = {isa = PBXFileReference; lastKnownFileType = sourcecode.swift; path = BlogReaderTests.swift; sourceTree = "<group>"; };
		837DDF5B1E185D46008AC487 /* Info.plist */ = {isa = PBXFileReference; lastKnownFileType = text.plist.xml; path = Info.plist; sourceTree = "<group>"; };
		837DDF601E185D46008AC487 /* BlogReaderUITests.xctest */ = {isa = PBXFileReference; explicitFileType = wrapper.cfbundle; includeInIndex = 0; path = BlogReaderUITests.xctest; sourceTree = BUILT_PRODUCTS_DIR; };
		837DDF641E185D46008AC487 /* BlogReaderUITests.swift */ = {isa = PBXFileReference; lastKnownFileType = sourcecode.swift; path = BlogReaderUITests.swift; sourceTree = "<group>"; };
		837DDF661E185D46008AC487 /* Info.plist */ = {isa = PBXFileReference; lastKnownFileType = text.plist.xml; path = Info.plist; sourceTree = "<group>"; };
/* End PBXFileReference section */

/* Begin PBXFrameworksBuildPhase section */
		837DDF3C1E185D46008AC487 /* Frameworks */ = {
			isa = PBXFrameworksBuildPhase;
			buildActionMask = 2147483647;
			files = (
			);
			runOnlyForDeploymentPostprocessing = 0;
		};
		837DDF521E185D46008AC487 /* Frameworks */ = {
			isa = PBXFrameworksBuildPhase;
			buildActionMask = 2147483647;
			files = (
			);
			runOnlyForDeploymentPostprocessing = 0;
		};
		837DDF5D1E185D46008AC487 /* Frameworks */ = {
			isa = PBXFrameworksBuildPhase;
			buildActionMask = 2147483647;
			files = (
			);
			runOnlyForDeploymentPostprocessing = 0;
		};
/* End PBXFrameworksBuildPhase section */

/* Begin PBXGroup section */
		837DDF361E185D46008AC487 = {
			isa = PBXGroup;
			children = (
				837DDF411E185D46008AC487 /* BlogReader */,
				837DDF581E185D46008AC487 /* BlogReaderTests */,
				837DDF631E185D46008AC487 /* BlogReaderUITests */,
				837DDF401E185D46008AC487 /* Products */,
			);
			sourceTree = "<group>";
		};
		837DDF401E185D46008AC487 /* Products */ = {
			isa = PBXGroup;
			children = (
				837DDF3F1E185D46008AC487 /* BlogReader.app */,
				837DDF551E185D46008AC487 /* BlogReaderTests.xctest */,
				837DDF601E185D46008AC487 /* BlogReaderUITests.xctest */,
			);
			name = Products;
			sourceTree = "<group>";
		};
		837DDF411E185D46008AC487 /* BlogReader */ = {
			isa = PBXGroup;
			children = (
				837DDF421E185D46008AC487 /* AppDelegate.swift */,
				837DDF441E185D46008AC487 /* FirstViewController.swift */,
				837DDF461E185D46008AC487 /* SecondViewController.swift */,
				837DDF481E185D46008AC487 /* Main.storyboard */,
				837DDF4B1E185D46008AC487 /* Assets.xcassets */,
				837DDF4D1E185D46008AC487 /* LaunchScreen.storyboard */,
				837DDF501E185D46008AC487 /* Info.plist */,
			);
			path = BlogReader;
			sourceTree = "<group>";
		};
		837DDF581E185D46008AC487 /* BlogReaderTests */ = {
			isa = PBXGroup;
			children = (
				837DDF591E185D46008AC487 /* BlogReaderTests.swift */,
				837DDF5B1E185D46008AC487 /* Info.plist */,
			);
			path = BlogReaderTests;
			sourceTree = "<group>";
		};
		837DDF631E185D46008AC487 /* BlogReaderUITests */ = {
			isa = PBXGroup;
			children = (
				837DDF641E185D46008AC487 /* BlogReaderUITests.swift */,
				837DDF661E185D46008AC487 /* Info.plist */,
			);
			path = BlogReaderUITests;
			sourceTree = "<group>";
		};
/* End PBXGroup section */

/* Begin PBXNativeTarget section */
		837DDF3E1E185D46008AC487 /* BlogReader */ = {
			isa = PBXNativeTarget;
			buildConfigurationList = 837DDF691E185D46008AC487 /* Build configuration list for PBXNativeTarget "BlogReader" */;
			buildPhases = (
				837DDF3B1E185D46008AC487 /* Sources */,
				837DDF3C1E185D46008AC487 /* Frameworks */,
				837DDF3D1E185D46008AC487 /* Resources */,
			);
			buildRules = (
			);
			dependencies = (
			);
			name = BlogReader;
			productName = BlogReader;
			productReference = 837DDF3F1E185D46008AC487 /* BlogReader.app */;
			productType = "com.apple.product-type.application";
		};
		837DDF541E185D46008AC487 /* BlogReaderTests */ = {
			isa = PBXNativeTarget;
			buildConfigurationList = 837DDF6C1E185D46008AC487 /* Build configuration list for PBXNativeTarget "BlogReaderTests" */;
			buildPhases = (
				837DDF511E185D46008AC487 /* Sources */,
				837DDF521E185D46008AC487 /* Frameworks */,
				837DDF531E185D46008AC487 /* Resources */,
			);
			buildRules = (
			);
			dependencies = (
				837DDF571E185D46008AC487 /* PBXTargetDependency */,
			);
			name = BlogReaderTests;
			productName = BlogReaderTests;
			productReference = 837DDF551E185D46008AC487 /* BlogReaderTests.xctest */;
			productType = "com.apple.product-type.bundle.unit-test";
		};
		837DDF5F1E185D46008AC487 /* BlogReaderUITests */ = {
			isa = PBXNativeTarget;
			buildConfigurationList = 837DDF6F1E185D46008AC487 /* Build configuration list for PBXNativeTarget "BlogReaderUITests" */;
			buildPhases = (
				837DDF5C1E185D46008AC487 /* Sources */,
				837DDF5D1E185D46008AC487 /* Frameworks */,
				837DDF5E1E185D46008AC487 /* Resources */,
			);
			buildRules = (
			);
			dependencies = (
				837DDF621E185D46008AC487 /* PBXTargetDependency */,
			);
			name = BlogReaderUITests;
			productName = BlogReaderUITests;
			productReference = 837DDF601E185D46008AC487 /* BlogReaderUITests.xctest */;
			productType = "com.apple.product-type.bundle.ui-testing";
		};
/* End PBXNativeTarget section */

/* Begin PBXProject section */
		837DDF371E185D46008AC487 /* Project object */ = {
			isa = PBXProject;
			attributes = {
				LastSwiftUpdateCheck = 0820;
				LastUpgradeCheck = 0820;
				ORGANIZATIONNAME = "Elizabeth Wei";
				TargetAttributes = {
					837DDF3E1E185D46008AC487 = {
						CreatedOnToolsVersion = 8.2.1;
						DevelopmentTeam = CQ2PTZG33R;
						ProvisioningStyle = Automatic;
					};
					837DDF541E185D46008AC487 = {
						CreatedOnToolsVersion = 8.2.1;
						DevelopmentTeam = CQ2PTZG33R;
						ProvisioningStyle = Automatic;
						TestTargetID = 837DDF3E1E185D46008AC487;
					};
					837DDF5F1E185D46008AC487 = {
						CreatedOnToolsVersion = 8.2.1;
						DevelopmentTeam = CQ2PTZG33R;
						ProvisioningStyle = Automatic;
						TestTargetID = 837DDF3E1E185D46008AC487;
					};
				};
			};
			buildConfigurationList = 837DDF3A1E185D46008AC487 /* Build configuration list for PBXProject "BlogReader" */;
			compatibilityVersion = "Xcode 3.2";
			developmentRegion = English;
			hasScannedForEncodings = 0;
			knownRegions = (
				en,
				Base,
			);
			mainGroup = 837DDF361E185D46008AC487;
			productRefGroup = 837DDF401E185D46008AC487 /* Products */;
			projectDirPath = "";
			projectRoot = "";
			targets = (
				837DDF3E1E185D46008AC487 /* BlogReader */,
				837DDF541E185D46008AC487 /* BlogReaderTests */,
				837DDF5F1E185D46008AC487 /* BlogReaderUITests */,
			);
		};
/* End PBXProject section */

/* Begin PBXResourcesBuildPhase section */
		837DDF3D1E185D46008AC487 /* Resources */ = {
			isa = PBXResourcesBuildPhase;
			buildActionMask = 2147483647;
			files = (
				837DDF4F1E185D46008AC487 /* LaunchScreen.storyboard in Resources */,
				837DDF4C1E185D46008AC487 /* Assets.xcassets in Resources */,
				837DDF4A1E185D46008AC487 /* Main.storyboard in Resources */,
			);
			runOnlyForDeploymentPostprocessing = 0;
		};
		837DDF531E185D46008AC487 /* Resources */ = {
			isa = PBXResourcesBuildPhase;
			buildActionMask = 2147483647;
			files = (
			);
			runOnlyForDeploymentPostprocessing = 0;
		};
		837DDF5E1E185D46008AC487 /* Resources */ = {
			isa = PBXResourcesBuildPhase;
			buildActionMask = 2147483647;
			files = (
			);
			runOnlyForDeploymentPostprocessing = 0;
		};
/* End PBXResourcesBuildPhase section */

/* Begin PBXSourcesBuildPhase section */
		837DDF3B1E185D46008AC487 /* Sources */ = {
			isa = PBXSourcesBuildPhase;
			buildActionMask = 2147483647;
			files = (
				837DDF471E185D46008AC487 /* SecondViewController.swift in Sources */,
				837DDF431E185D46008AC487 /* AppDelegate.swift in Sources */,
				837DDF451E185D46008AC487 /* FirstViewController.swift in Sources */,
			);
			runOnlyForDeploymentPostprocessing = 0;
		};
		837DDF511E185D46008AC487 /* Sources */ = {
			isa = PBXSourcesBuildPhase;
			buildActionMask = 2147483647;
			files = (
				837DDF5A1E185D46008AC487 /* BlogReaderTests.swift in Sources */,
			);
			runOnlyForDeploymentPostprocessing = 0;
		};
		837DDF5C1E185D46008AC487 /* Sources */ = {
			isa = PBXSourcesBuildPhase;
			buildActionMask = 2147483647;
			files = (
				837DDF651E185D46008AC487 /* BlogReaderUITests.swift in Sources */,
			);
			runOnlyForDeploymentPostprocessing = 0;
		};
/* End PBXSourcesBuildPhase section */

/* Begin PBXTargetDependency section */
		837DDF571E185D46008AC487 /* PBXTargetDependency */ = {
			isa = PBXTargetDependency;
			target = 837DDF3E1E185D46008AC487 /* BlogReader */;
			targetProxy = 837DDF561E185D46008AC487 /* PBXContainerItemProxy */;
		};
		837DDF621E185D46008AC487 /* PBXTargetDependency */ = {
			isa = PBXTargetDependency;
			target = 837DDF3E1E185D46008AC487 /* BlogReader */;
			targetProxy = 837DDF611E185D46008AC487 /* PBXContainerItemProxy */;
		};
/* End PBXTargetDependency section */

/* Begin PBXVariantGroup section */
		837DDF481E185D46008AC487 /* Main.storyboard */ = {
			isa = PBXVariantGroup;
			children = (
				837DDF491E185D46008AC487 /* Base */,
			);
			name = Main.storyboard;
			sourceTree = "<group>";
		};
		837DDF4D1E185D46008AC487 /* LaunchScreen.storyboard */ = {
			isa = PBXVariantGroup;
			children = (
				837DDF4E1E185D46008AC487 /* Base */,
			);
			name = LaunchScreen.storyboard;
			sourceTree = "<group>";
		};
/* End PBXVariantGroup section */

/* Begin XCBuildConfiguration section */
		837DDF671E185D46008AC487 /* Debug */ = {
			isa = XCBuildConfiguration;
			buildSettings = {
				ALWAYS_SEARCH_USER_PATHS = NO;
				CLANG_ANALYZER_NONNULL = YES;
				CLANG_CXX_LANGUAGE_STANDARD = "gnu++0x";
				CLANG_CXX_LIBRARY = "libc++";
				CLANG_ENABLE_MODULES = YES;
				CLANG_ENABLE_OBJC_ARC = YES;
				CLANG_WARN_BOOL_CONVERSION = YES;
				CLANG_WARN_CONSTANT_CONVERSION = YES;
				CLANG_WARN_DIRECT_OBJC_ISA_USAGE = YES_ERROR;
				CLANG_WARN_DOCUMENTATION_COMMENTS = YES;
				CLANG_WARN_EMPTY_BODY = YES;
				CLANG_WARN_ENUM_CONVERSION = YES;
				CLANG_WARN_INFINITE_RECURSION = YES;
				CLANG_WARN_INT_CONVERSION = YES;
				CLANG_WARN_OBJC_ROOT_CLASS = YES_ERROR;
				CLANG_WARN_SUSPICIOUS_MOVE = YES;
				CLANG_WARN_UNREACHABLE_CODE = YES;
				CLANG_WARN__DUPLICATE_METHOD_MATCH = YES;
				"CODE_SIGN_IDENTITY[sdk=iphoneos*]" = "iPhone Developer";
				COPY_PHASE_STRIP = NO;
				DEBUG_INFORMATION_FORMAT = dwarf;
				ENABLE_STRICT_OBJC_MSGSEND = YES;
				ENABLE_TESTABILITY = YES;
				GCC_C_LANGUAGE_STANDARD = gnu99;
				GCC_DYNAMIC_NO_PIC = NO;
				GCC_NO_COMMON_BLOCKS = YES;
				GCC_OPTIMIZATION_LEVEL = 0;
				GCC_PREPROCESSOR_DEFINITIONS = (
					"DEBUG=1",
					"$(inherited)",
				);
				GCC_WARN_64_TO_32_BIT_CONVERSION = YES;
				GCC_WARN_ABOUT_RETURN_TYPE = YES_ERROR;
				GCC_WARN_UNDECLARED_SELECTOR = YES;
				GCC_WARN_UNINITIALIZED_AUTOS = YES_AGGRESSIVE;
				GCC_WARN_UNUSED_FUNCTION = YES;
				GCC_WARN_UNUSED_VARIABLE = YES;
				IPHONEOS_DEPLOYMENT_TARGET = 10.2;
				MTL_ENABLE_DEBUG_INFO = YES;
				ONLY_ACTIVE_ARCH = YES;
				SDKROOT = iphoneos;
				SWIFT_ACTIVE_COMPILATION_CONDITIONS = DEBUG;
				SWIFT_OPTIMIZATION_LEVEL = "-Onone";
				TARGETED_DEVICE_FAMILY = "1,2";
			};
			name = Debug;
		};
		837DDF681E185D46008AC487 /* Release */ = {
			isa = XCBuildConfiguration;
			buildSettings = {
				ALWAYS_SEARCH_USER_PATHS = NO;
				CLANG_ANALYZER_NONNULL = YES;
				CLANG_CXX_LANGUAGE_STANDARD = "gnu++0x";
				CLANG_CXX_LIBRARY = "libc++";
				CLANG_ENABLE_MODULES = YES;
				CLANG_ENABLE_OBJC_ARC = YES;
				CLANG_WARN_BOOL_CONVERSION = YES;
				CLANG_WARN_CONSTANT_CONVERSION = YES;
				CLANG_WARN_DIRECT_OBJC_ISA_USAGE = YES_ERROR;
				CLANG_WARN_DOCUMENTATION_COMMENTS = YES;
				CLANG_WARN_EMPTY_BODY = YES;
				CLANG_WARN_ENUM_CONVERSION = YES;
				CLANG_WARN_INFINITE_RECURSION = YES;
				CLANG_WARN_INT_CONVERSION = YES;
				CLANG_WARN_OBJC_ROOT_CLASS = YES_ERROR;
				CLANG_WARN_SUSPICIOUS_MOVE = YES;
				CLANG_WARN_UNREACHABLE_CODE = YES;
				CLANG_WARN__DUPLICATE_METHOD_MATCH = YES;
				"CODE_SIGN_IDENTITY[sdk=iphoneos*]" = "iPhone Developer";
				COPY_PHASE_STRIP = NO;
				DEBUG_INFORMATION_FORMAT = "dwarf-with-dsym";
				ENABLE_NS_ASSERTIONS = NO;
				ENABLE_STRICT_OBJC_MSGSEND = YES;
				GCC_C_LANGUAGE_STANDARD = gnu99;
				GCC_NO_COMMON_BLOCKS = YES;
				GCC_WARN_64_TO_32_BIT_CONVERSION = YES;
				GCC_WARN_ABOUT_RETURN_TYPE = YES_ERROR;
				GCC_WARN_UNDECLARED_SELECTOR = YES;
				GCC_WARN_UNINITIALIZED_AUTOS = YES_AGGRESSIVE;
				GCC_WARN_UNUSED_FUNCTION = YES;
				GCC_WARN_UNUSED_VARIABLE = YES;
				IPHONEOS_DEPLOYMENT_TARGET = 10.2;
				MTL_ENABLE_DEBUG_INFO = NO;
				SDKROOT = iphoneos;
				SWIFT_OPTIMIZATION_LEVEL = "-Owholemodule";
				TARGETED_DEVICE_FAMILY = "1,2";
				VALIDATE_PRODUCT = YES;
			};
			name = Release;
		};
		837DDF6A1E185D46008AC487 /* Debug */ = {
			isa = XCBuildConfiguration;
			buildSettings = {
				ASSETCATALOG_COMPILER_APPICON_NAME = AppIcon;
				DEVELOPMENT_TEAM = CQ2PTZG33R;
				INFOPLIST_FILE = BlogReader/Info.plist;
				LD_RUNPATH_SEARCH_PATHS = "$(inherited) @executable_path/Frameworks";
				PRODUCT_BUNDLE_IDENTIFIER = com.elizabethwei.BlogReader;
				PRODUCT_NAME = "$(TARGET_NAME)";
				SWIFT_VERSION = 3.0;
			};
			name = Debug;
		};
		837DDF6B1E185D46008AC487 /* Release */ = {
			isa = XCBuildConfiguration;
			buildSettings = {
				ASSETCATALOG_COMPILER_APPICON_NAME = AppIcon;
				DEVELOPMENT_TEAM = CQ2PTZG33R;
				INFOPLIST_FILE = BlogReader/Info.plist;
				LD_RUNPATH_SEARCH_PATHS = "$(inherited) @executable_path/Frameworks";
				PRODUCT_BUNDLE_IDENTIFIER = com.elizabethwei.BlogReader;
				PRODUCT_NAME = "$(TARGET_NAME)";
				SWIFT_VERSION = 3.0;
			};
			name = Release;
		};
		837DDF6D1E185D46008AC487 /* Debug */ = {
			isa = XCBuildConfiguration;
			buildSettings = {
				ALWAYS_EMBED_SWIFT_STANDARD_LIBRARIES = YES;
				BUNDLE_LOADER = "$(TEST_HOST)";
				DEVELOPMENT_TEAM = CQ2PTZG33R;
				INFOPLIST_FILE = BlogReaderTests/Info.plist;
				LD_RUNPATH_SEARCH_PATHS = "$(inherited) @executable_path/Frameworks @loader_path/Frameworks";
				PRODUCT_BUNDLE_IDENTIFIER = com.elizabethwei.BlogReaderTests;
				PRODUCT_NAME = "$(TARGET_NAME)";
				SWIFT_VERSION = 3.0;
				TEST_HOST = "$(BUILT_PRODUCTS_DIR)/BlogReader.app/BlogReader";
			};
			name = Debug;
		};
		837DDF6E1E185D46008AC487 /* Release */ = {
			isa = XCBuildConfiguration;
			buildSettings = {
				ALWAYS_EMBED_SWIFT_STANDARD_LIBRARIES = YES;
				BUNDLE_LOADER = "$(TEST_HOST)";
				DEVELOPMENT_TEAM = CQ2PTZG33R;
				INFOPLIST_FILE = BlogReaderTests/Info.plist;
				LD_RUNPATH_SEARCH_PATHS = "$(inherited) @executable_path/Frameworks @loader_path/Frameworks";
				PRODUCT_BUNDLE_IDENTIFIER = com.elizabethwei.BlogReaderTests;
				PRODUCT_NAME = "$(TARGET_NAME)";
				SWIFT_VERSION = 3.0;
				TEST_HOST = "$(BUILT_PRODUCTS_DIR)/BlogReader.app/BlogReader";
			};
			name = Release;
		};
		837DDF701E185D46008AC487 /* Debug */ = {
			isa = XCBuildConfiguration;
			buildSettings = {
				ALWAYS_EMBED_SWIFT_STANDARD_LIBRARIES = YES;
				DEVELOPMENT_TEAM = CQ2PTZG33R;
				INFOPLIST_FILE = BlogReaderUITests/Info.plist;
				LD_RUNPATH_SEARCH_PATHS = "$(inherited) @executable_path/Frameworks @loader_path/Frameworks";
				PRODUCT_BUNDLE_IDENTIFIER = com.elizabethwei.BlogReaderUITests;
				PRODUCT_NAME = "$(TARGET_NAME)";
				SWIFT_VERSION = 3.0;
				TEST_TARGET_NAME = BlogReader;
			};
			name = Debug;
		};
		837DDF711E185D46008AC487 /* Release */ = {
			isa = XCBuildConfiguration;
			buildSettings = {
				ALWAYS_EMBED_SWIFT_STANDARD_LIBRARIES = YES;
				DEVELOPMENT_TEAM = CQ2PTZG33R;
				INFOPLIST_FILE = BlogReaderUITests/Info.plist;
				LD_RUNPATH_SEARCH_PATHS = "$(inherited) @executable_path/Frameworks @loader_path/Frameworks";
				PRODUCT_BUNDLE_IDENTIFIER = com.elizabethwei.BlogReaderUITests;
				PRODUCT_NAME = "$(TARGET_NAME)";
				SWIFT_VERSION = 3.0;
				TEST_TARGET_NAME = BlogReader;
			};
			name = Release;
		};
/* End XCBuildConfiguration section */

/* Begin XCConfigurationList section */
		837DDF3A1E185D46008AC487 /* Build configuration list for PBXProject "BlogReader" */ = {
			isa = XCConfigurationList;
			buildConfigurations = (
				837DDF671E185D46008AC487 /* Debug */,
				837DDF681E185D46008AC487 /* Release */,
			);
			defaultConfigurationIsVisible = 0;
			defaultConfigurationName = Release;
		};
		837DDF691E185D46008AC487 /* Build configuration list for PBXNativeTarget "BlogReader" */ = {
			isa = XCConfigurationList;
			buildConfigurations = (
				837DDF6A1E185D46008AC487 /* Debug */,
				837DDF6B1E185D46008AC487 /* Release */,
			);
			defaultConfigurationIsVisible = 0;
		};
		837DDF6C1E185D46008AC487 /* Build configuration list for PBXNativeTarget "BlogReaderTests" */ = {
			isa = XCConfigurationList;
			buildConfigurations = (
				837DDF6D1E185D46008AC487 /* Debug */,
				837DDF6E1E185D46008AC487 /* Release */,
			);
			defaultConfigurationIsVisible = 0;
		};
		837DDF6F1E185D46008AC487 /* Build configuration list for PBXNativeTarget "BlogReaderUITests" */ = {
			isa = XCConfigurationList;
			buildConfigurations = (
				837DDF701E185D46008AC487 /* Debug */,
				837DDF711E185D46008AC487 /* Release */,
			);
			defaultConfigurationIsVisible = 0;
		};
/* End XCConfigurationList section */
	};
	rootObject = 837DDF371E185D46008AC487 /* Project object */;
}
