// !$*UTF8*$!
{
	archiveVersion = 1;
	classes = {
	};
	objectVersion = 46;
	objects = {

/* Begin PBXBuildFile section */
		832F82CC1AAC231E006CAC4B /* AppDelegate.swift in Sources */ = {isa = PBXBuildFile; fileRef = 832F82CB1AAC231E006CAC4B /* AppDelegate.swift */; };
		832F82CE1AAC231E006CAC4B /* ViewController.swift in Sources */ = {isa = PBXBuildFile; fileRef = 832F82CD1AAC231E006CAC4B /* ViewController.swift */; };
		832F82D11AAC231E006CAC4B /* Main.storyboard in Resources */ = {isa = PBXBuildFile; fileRef = 832F82CF1AAC231E006CAC4B /* Main.storyboard */; };
		832F82D31AAC231E006CAC4B /* Images.xcassets in Resources */ = {isa = PBXBuildFile; fileRef = 832F82D21AAC231E006CAC4B /* Images.xcassets */; };
		832F82D61AAC231E006CAC4B /* LaunchScreen.xib in Resources */ = {isa = PBXBuildFile; fileRef = 832F82D41AAC231E006CAC4B /* LaunchScreen.xib */; };
		832F82E21AAC231E006CAC4B /* CalculatorTests.swift in Sources */ = {isa = PBXBuildFile; fileRef = 832F82E11AAC231E006CAC4B /* CalculatorTests.swift */; };
		8386180E1AAE558800FA8A66 /* CalculatorBrain.swift in Sources */ = {isa = PBXBuildFile; fileRef = 8386180D1AAE558800FA8A66 /* CalculatorBrain.swift */; };
/* End PBXBuildFile section */

/* Begin PBXContainerItemProxy section */
		832F82DC1AAC231E006CAC4B /* PBXContainerItemProxy */ = {
			isa = PBXContainerItemProxy;
			containerPortal = 832F82BE1AAC231E006CAC4B /* Project object */;
			proxyType = 1;
			remoteGlobalIDString = 832F82C51AAC231E006CAC4B;
			remoteInfo = Calculator;
		};
/* End PBXContainerItemProxy section */

/* Begin PBXFileReference section */
		832F82C61AAC231E006CAC4B /* Calculator.app */ = {isa = PBXFileReference; explicitFileType = wrapper.application; includeInIndex = 0; path = Calculator.app; sourceTree = BUILT_PRODUCTS_DIR; };
		832F82CA1AAC231E006CAC4B /* Info.plist */ = {isa = PBXFileReference; lastKnownFileType = text.plist.xml; path = Info.plist; sourceTree = "<group>"; };
		832F82CB1AAC231E006CAC4B /* AppDelegate.swift */ = {isa = PBXFileReference; lastKnownFileType = sourcecode.swift; path = AppDelegate.swift; sourceTree = "<group>"; };
		832F82CD1AAC231E006CAC4B /* ViewController.swift */ = {isa = PBXFileReference; lastKnownFileType = sourcecode.swift; path = ViewController.swift; sourceTree = "<group>"; };
		832F82D01AAC231E006CAC4B /* Base */ = {isa = PBXFileReference; lastKnownFileType = file.storyboard; name = Base; path = Base.lproj/Main.storyboard; sourceTree = "<group>"; };
		832F82D21AAC231E006CAC4B /* Images.xcassets */ = {isa = PBXFileReference; lastKnownFileType = folder.assetcatalog; path = Images.xcassets; sourceTree = "<group>"; };
		832F82D51AAC231E006CAC4B /* Base */ = {isa = PBXFileReference; lastKnownFileType = file.xib; name = Base; path = Base.lproj/LaunchScreen.xib; sourceTree = "<group>"; };
		832F82DB1AAC231E006CAC4B /* CalculatorTests.xctest */ = {isa = PBXFileReference; explicitFileType = wrapper.cfbundle; includeInIndex = 0; path = CalculatorTests.xctest; sourceTree = BUILT_PRODUCTS_DIR; };
		832F82E01AAC231E006CAC4B /* Info.plist */ = {isa = PBXFileReference; lastKnownFileType = text.plist.xml; path = Info.plist; sourceTree = "<group>"; };
		832F82E11AAC231E006CAC4B /* CalculatorTests.swift */ = {isa = PBXFileReference; lastKnownFileType = sourcecode.swift; path = CalculatorTests.swift; sourceTree = "<group>"; };
		8386180D1AAE558800FA8A66 /* CalculatorBrain.swift */ = {isa = PBXFileReference; fileEncoding = 4; lastKnownFileType = sourcecode.swift; path = CalculatorBrain.swift; sourceTree = "<group>"; };
/* End PBXFileReference section */

/* Begin PBXFrameworksBuildPhase section */
		832F82C31AAC231E006CAC4B /* Frameworks */ = {
			isa = PBXFrameworksBuildPhase;
			buildActionMask = 2147483647;
			files = (
			);
			runOnlyForDeploymentPostprocessing = 0;
		};
		832F82D81AAC231E006CAC4B /* Frameworks */ = {
			isa = PBXFrameworksBuildPhase;
			buildActionMask = 2147483647;
			files = (
			);
			runOnlyForDeploymentPostprocessing = 0;
		};
/* End PBXFrameworksBuildPhase section */

/* Begin PBXGroup section */
		832F82BD1AAC231E006CAC4B = {
			isa = PBXGroup;
			children = (
				832F82C81AAC231E006CAC4B /* Calculator */,
				832F82DE1AAC231E006CAC4B /* CalculatorTests */,
				832F82C71AAC231E006CAC4B /* Products */,
			);
			sourceTree = "<group>";
		};
		832F82C71AAC231E006CAC4B /* Products */ = {
			isa = PBXGroup;
			children = (
				832F82C61AAC231E006CAC4B /* Calculator.app */,
				832F82DB1AAC231E006CAC4B /* CalculatorTests.xctest */,
			);
			name = Products;
			sourceTree = "<group>";
		};
		832F82C81AAC231E006CAC4B /* Calculator */ = {
			isa = PBXGroup;
			children = (
				832F82CD1AAC231E006CAC4B /* ViewController.swift */,
				832F82CF1AAC231E006CAC4B /* Main.storyboard */,
				8386180D1AAE558800FA8A66 /* CalculatorBrain.swift */,
				832F82C91AAC231E006CAC4B /* Supporting Files */,
			);
			path = Calculator;
			sourceTree = "<group>";
		};
		832F82C91AAC231E006CAC4B /* Supporting Files */ = {
			isa = PBXGroup;
			children = (
				832F82D41AAC231E006CAC4B /* LaunchScreen.xib */,
				832F82D21AAC231E006CAC4B /* Images.xcassets */,
				832F82CB1AAC231E006CAC4B /* AppDelegate.swift */,
				832F82CA1AAC231E006CAC4B /* Info.plist */,
			);
			name = "Supporting Files";
			sourceTree = "<group>";
		};
		832F82DE1AAC231E006CAC4B /* CalculatorTests */ = {
			isa = PBXGroup;
			children = (
				832F82E11AAC231E006CAC4B /* CalculatorTests.swift */,
				832F82DF1AAC231E006CAC4B /* Supporting Files */,
			);
			path = CalculatorTests;
			sourceTree = "<group>";
		};
		832F82DF1AAC231E006CAC4B /* Supporting Files */ = {
			isa = PBXGroup;
			children = (
				832F82E01AAC231E006CAC4B /* Info.plist */,
			);
			name = "Supporting Files";
			sourceTree = "<group>";
		};
/* End PBXGroup section */

/* Begin PBXNativeTarget section */
		832F82C51AAC231E006CAC4B /* Calculator */ = {
			isa = PBXNativeTarget;
			buildConfigurationList = 832F82E51AAC231E006CAC4B /* Build configuration list for PBXNativeTarget "Calculator" */;
			buildPhases = (
				832F82C21AAC231E006CAC4B /* Sources */,
				832F82C31AAC231E006CAC4B /* Frameworks */,
				832F82C41AAC231E006CAC4B /* Resources */,
			);
			buildRules = (
			);
			dependencies = (
			);
			name = Calculator;
			productName = Calculator;
			productReference = 832F82C61AAC231E006CAC4B /* Calculator.app */;
			productType = "com.apple.product-type.application";
		};
		832F82DA1AAC231E006CAC4B /* CalculatorTests */ = {
			isa = PBXNativeTarget;
			buildConfigurationList = 832F82E81AAC231E006CAC4B /* Build configuration list for PBXNativeTarget "CalculatorTests" */;
			buildPhases = (
				832F82D71AAC231E006CAC4B /* Sources */,
				832F82D81AAC231E006CAC4B /* Frameworks */,
				832F82D91AAC231E006CAC4B /* Resources */,
			);
			buildRules = (
			);
			dependencies = (
				832F82DD1AAC231E006CAC4B /* PBXTargetDependency */,
			);
			name = CalculatorTests;
			productName = CalculatorTests;
			productReference = 832F82DB1AAC231E006CAC4B /* CalculatorTests.xctest */;
			productType = "com.apple.product-type.bundle.unit-test";
		};
/* End PBXNativeTarget section */

/* Begin PBXProject section */
		832F82BE1AAC231E006CAC4B /* Project object */ = {
			isa = PBXProject;
			attributes = {
				LastUpgradeCheck = 0610;
				ORGANIZATIONNAME = "Elizabeth Wei";
				TargetAttributes = {
					832F82C51AAC231E006CAC4B = {
						CreatedOnToolsVersion = 6.1.1;
						DevelopmentTeam = 4Z82EAJL2W;
					};
					832F82DA1AAC231E006CAC4B = {
						CreatedOnToolsVersion = 6.1.1;
						TestTargetID = 832F82C51AAC231E006CAC4B;
					};
				};
			};
			buildConfigurationList = 832F82C11AAC231E006CAC4B /* Build configuration list for PBXProject "Calculator" */;
			compatibilityVersion = "Xcode 3.2";
			developmentRegion = English;
			hasScannedForEncodings = 0;
			knownRegions = (
				en,
				Base,
			);
			mainGroup = 832F82BD1AAC231E006CAC4B;
			productRefGroup = 832F82C71AAC231E006CAC4B /* Products */;
			projectDirPath = "";
			projectRoot = "";
			targets = (
				832F82C51AAC231E006CAC4B /* Calculator */,
				832F82DA1AAC231E006CAC4B /* CalculatorTests */,
			);
		};
/* End PBXProject section */

/* Begin PBXResourcesBuildPhase section */
		832F82C41AAC231E006CAC4B /* Resources */ = {
			isa = PBXResourcesBuildPhase;
			buildActionMask = 2147483647;
			files = (
				832F82D11AAC231E006CAC4B /* Main.storyboard in Resources */,
				832F82D61AAC231E006CAC4B /* LaunchScreen.xib in Resources */,
				832F82D31AAC231E006CAC4B /* Images.xcassets in Resources */,
			);
			runOnlyForDeploymentPostprocessing = 0;
		};
		832F82D91AAC231E006CAC4B /* Resources */ = {
			isa = PBXResourcesBuildPhase;
			buildActionMask = 2147483647;
			files = (
			);
			runOnlyForDeploymentPostprocessing = 0;
		};
/* End PBXResourcesBuildPhase section */

/* Begin PBXSourcesBuildPhase section */
		832F82C21AAC231E006CAC4B /* Sources */ = {
			isa = PBXSourcesBuildPhase;
			buildActionMask = 2147483647;
			files = (
				8386180E1AAE558800FA8A66 /* CalculatorBrain.swift in Sources */,
				832F82CE1AAC231E006CAC4B /* ViewController.swift in Sources */,
				832F82CC1AAC231E006CAC4B /* AppDelegate.swift in Sources */,
			);
			runOnlyForDeploymentPostprocessing = 0;
		};
		832F82D71AAC231E006CAC4B /* Sources */ = {
			isa = PBXSourcesBuildPhase;
			buildActionMask = 2147483647;
			files = (
				832F82E21AAC231E006CAC4B /* CalculatorTests.swift in Sources */,
			);
			runOnlyForDeploymentPostprocessing = 0;
		};
/* End PBXSourcesBuildPhase section */

/* Begin PBXTargetDependency section */
		832F82DD1AAC231E006CAC4B /* PBXTargetDependency */ = {
			isa = PBXTargetDependency;
			target = 832F82C51AAC231E006CAC4B /* Calculator */;
			targetProxy = 832F82DC1AAC231E006CAC4B /* PBXContainerItemProxy */;
		};
/* End PBXTargetDependency section */

/* Begin PBXVariantGroup section */
		832F82CF1AAC231E006CAC4B /* Main.storyboard */ = {
			isa = PBXVariantGroup;
			children = (
				832F82D01AAC231E006CAC4B /* Base */,
			);
			name = Main.storyboard;
			sourceTree = "<group>";
		};
		832F82D41AAC231E006CAC4B /* LaunchScreen.xib */ = {
			isa = PBXVariantGroup;
			children = (
				832F82D51AAC231E006CAC4B /* Base */,
			);
			name = LaunchScreen.xib;
			sourceTree = "<group>";
		};
/* End PBXVariantGroup section */

/* Begin XCBuildConfiguration section */
		832F82E31AAC231E006CAC4B /* Debug */ = {
			isa = XCBuildConfiguration;
			buildSettings = {
				ALWAYS_SEARCH_USER_PATHS = NO;
				CLANG_CXX_LANGUAGE_STANDARD = "gnu++0x";
				CLANG_CXX_LIBRARY = "libc++";
				CLANG_ENABLE_MODULES = YES;
				CLANG_ENABLE_OBJC_ARC = YES;
				CLANG_WARN_BOOL_CONVERSION = YES;
				CLANG_WARN_CONSTANT_CONVERSION = YES;
				CLANG_WARN_DIRECT_OBJC_ISA_USAGE = YES_ERROR;
				CLANG_WARN_EMPTY_BODY = YES;
				CLANG_WARN_ENUM_CONVERSION = YES;
				CLANG_WARN_INT_CONVERSION = YES;
				CLANG_WARN_OBJC_ROOT_CLASS = YES_ERROR;
				CLANG_WARN_UNREACHABLE_CODE = YES;
				CLANG_WARN__DUPLICATE_METHOD_MATCH = YES;
				"CODE_SIGN_IDENTITY[sdk=iphoneos*]" = "iPhone Developer";
				COPY_PHASE_STRIP = NO;
				ENABLE_STRICT_OBJC_MSGSEND = YES;
				GCC_C_LANGUAGE_STANDARD = gnu99;
				GCC_DYNAMIC_NO_PIC = NO;
				GCC_OPTIMIZATION_LEVEL = 0;
				GCC_PREPROCESSOR_DEFINITIONS = (
					"DEBUG=1",
					"$(inherited)",
				);
				GCC_SYMBOLS_PRIVATE_EXTERN = NO;
				GCC_WARN_64_TO_32_BIT_CONVERSION = YES;
				GCC_WARN_ABOUT_RETURN_TYPE = YES_ERROR;
				GCC_WARN_UNDECLARED_SELECTOR = YES;
				GCC_WARN_UNINITIALIZED_AUTOS = YES_AGGRESSIVE;
				GCC_WARN_UNUSED_FUNCTION = YES;
				GCC_WARN_UNUSED_VARIABLE = YES;
				IPHONEOS_DEPLOYMENT_TARGET = 8.1;
				MTL_ENABLE_DEBUG_INFO = YES;
				ONLY_ACTIVE_ARCH = YES;
				SDKROOT = iphoneos;
				SWIFT_OPTIMIZATION_LEVEL = "-Onone";
				TARGETED_DEVICE_FAMILY = "1,2";
			};
			name = Debug;
		};
		832F82E41AAC231E006CAC4B /* Release */ = {
			isa = XCBuildConfiguration;
			buildSettings = {
				ALWAYS_SEARCH_USER_PATHS = NO;
				CLANG_CXX_LANGUAGE_STANDARD = "gnu++0x";
				CLANG_CXX_LIBRARY = "libc++";
				CLANG_ENABLE_MODULES = YES;
				CLANG_ENABLE_OBJC_ARC = YES;
				CLANG_WARN_BOOL_CONVERSION = YES;
				CLANG_WARN_CONSTANT_CONVERSION = YES;
				CLANG_WARN_DIRECT_OBJC_ISA_USAGE = YES_ERROR;
				CLANG_WARN_EMPTY_BODY = YES;
				CLANG_WARN_ENUM_CONVERSION = YES;
				CLANG_WARN_INT_CONVERSION = YES;
				CLANG_WARN_OBJC_ROOT_CLASS = YES_ERROR;
				CLANG_WARN_UNREACHABLE_CODE = YES;
				CLANG_WARN__DUPLICATE_METHOD_MATCH = YES;
				"CODE_SIGN_IDENTITY[sdk=iphoneos*]" = "iPhone Developer";
				COPY_PHASE_STRIP = YES;
				ENABLE_NS_ASSERTIONS = NO;
				ENABLE_STRICT_OBJC_MSGSEND = YES;
				GCC_C_LANGUAGE_STANDARD = gnu99;
				GCC_WARN_64_TO_32_BIT_CONVERSION = YES;
				GCC_WARN_ABOUT_RETURN_TYPE = YES_ERROR;
				GCC_WARN_UNDECLARED_SELECTOR = YES;
				GCC_WARN_UNINITIALIZED_AUTOS = YES_AGGRESSIVE;
				GCC_WARN_UNUSED_FUNCTION = YES;
				GCC_WARN_UNUSED_VARIABLE = YES;
				IPHONEOS_DEPLOYMENT_TARGET = 8.1;
				MTL_ENABLE_DEBUG_INFO = NO;
				SDKROOT = iphoneos;
				TARGETED_DEVICE_FAMILY = "1,2";
				VALIDATE_PRODUCT = YES;
			};
			name = Release;
		};
		832F82E61AAC231E006CAC4B /* Debug */ = {
			isa = XCBuildConfiguration;
			buildSettings = {
				ASSETCATALOG_COMPILER_APPICON_NAME = AppIcon;
				INFOPLIST_FILE = Calculator/Info.plist;
				LD_RUNPATH_SEARCH_PATHS = "$(inherited) @executable_path/Frameworks";
				PRODUCT_NAME = "$(TARGET_NAME)";
			};
			name = Debug;
		};
		832F82E71AAC231E006CAC4B /* Release */ = {
			isa = XCBuildConfiguration;
			buildSettings = {
				ASSETCATALOG_COMPILER_APPICON_NAME = AppIcon;
				INFOPLIST_FILE = Calculator/Info.plist;
				LD_RUNPATH_SEARCH_PATHS = "$(inherited) @executable_path/Frameworks";
				PRODUCT_NAME = "$(TARGET_NAME)";
			};
			name = Release;
		};
		832F82E91AAC231E006CAC4B /* Debug */ = {
			isa = XCBuildConfiguration;
			buildSettings = {
				BUNDLE_LOADER = "$(TEST_HOST)";
				FRAMEWORK_SEARCH_PATHS = (
					"$(SDKROOT)/Developer/Library/Frameworks",
					"$(inherited)",
				);
				GCC_PREPROCESSOR_DEFINITIONS = (
					"DEBUG=1",
					"$(inherited)",
				);
				INFOPLIST_FILE = CalculatorTests/Info.plist;
				LD_RUNPATH_SEARCH_PATHS = "$(inherited) @executable_path/Frameworks @loader_path/Frameworks";
				PRODUCT_NAME = "$(TARGET_NAME)";
				TEST_HOST = "$(BUILT_PRODUCTS_DIR)/Calculator.app/Calculator";
			};
			name = Debug;
		};
		832F82EA1AAC231E006CAC4B /* Release */ = {
			isa = XCBuildConfiguration;
			buildSettings = {
				BUNDLE_LOADER = "$(TEST_HOST)";
				FRAMEWORK_SEARCH_PATHS = (
					"$(SDKROOT)/Developer/Library/Frameworks",
					"$(inherited)",
				);
				INFOPLIST_FILE = CalculatorTests/Info.plist;
				LD_RUNPATH_SEARCH_PATHS = "$(inherited) @executable_path/Frameworks @loader_path/Frameworks";
				PRODUCT_NAME = "$(TARGET_NAME)";
				TEST_HOST = "$(BUILT_PRODUCTS_DIR)/Calculator.app/Calculator";
			};
			name = Release;
		};
/* End XCBuildConfiguration section */

/* Begin XCConfigurationList section */
		832F82C11AAC231E006CAC4B /* Build configuration list for PBXProject "Calculator" */ = {
			isa = XCConfigurationList;
			buildConfigurations = (
				832F82E31AAC231E006CAC4B /* Debug */,
				832F82E41AAC231E006CAC4B /* Release */,
			);
			defaultConfigurationIsVisible = 0;
			defaultConfigurationName = Release;
		};
		832F82E51AAC231E006CAC4B /* Build configuration list for PBXNativeTarget "Calculator" */ = {
			isa = XCConfigurationList;
			buildConfigurations = (
				832F82E61AAC231E006CAC4B /* Debug */,
				832F82E71AAC231E006CAC4B /* Release */,
			);
			defaultConfigurationIsVisible = 0;
			defaultConfigurationName = Release;
		};
		832F82E81AAC231E006CAC4B /* Build configuration list for PBXNativeTarget "CalculatorTests" */ = {
			isa = XCConfigurationList;
			buildConfigurations = (
				832F82E91AAC231E006CAC4B /* Debug */,
				832F82EA1AAC231E006CAC4B /* Release */,
			);
			defaultConfigurationIsVisible = 0;
			defaultConfigurationName = Release;
		};
/* End XCConfigurationList section */
	};
	rootObject = 832F82BE1AAC231E006CAC4B /* Project object */;
}
