// !$*UTF8*$!
{
	archiveVersion = 1;
	classes = {
	};
	objectVersion = 46;
	objects = {

/* Begin PBXBuildFile section */
		83E87EDF1B519C35001D1DCA /* AppDelegate.swift in Sources */ = {isa = PBXBuildFile; fileRef = 83E87EDE1B519C35001D1DCA /* AppDelegate.swift */; };
		83E87EE41B519C35001D1DCA /* Main.storyboard in Resources */ = {isa = PBXBuildFile; fileRef = 83E87EE21B519C35001D1DCA /* Main.storyboard */; };
		83E87EE61B519C35001D1DCA /* Images.xcassets in Resources */ = {isa = PBXBuildFile; fileRef = 83E87EE51B519C35001D1DCA /* Images.xcassets */; };
		83E87EE91B519C35001D1DCA /* LaunchScreen.xib in Resources */ = {isa = PBXBuildFile; fileRef = 83E87EE71B519C35001D1DCA /* LaunchScreen.xib */; };
		83E87EF51B519C35001D1DCA /* DropItTests.swift in Sources */ = {isa = PBXBuildFile; fileRef = 83E87EF41B519C35001D1DCA /* DropItTests.swift */; };
		83E87EFF1B519C85001D1DCA /* DropItViewController.swift in Sources */ = {isa = PBXBuildFile; fileRef = 83E87EFE1B519C85001D1DCA /* DropItViewController.swift */; };
		83E87F011B51A3FE001D1DCA /* DropItBehavior.swift in Sources */ = {isa = PBXBuildFile; fileRef = 83E87F001B51A3FE001D1DCA /* DropItBehavior.swift */; };
		83E87F031B51DD70001D1DCA /* BezierPathsView.swift in Sources */ = {isa = PBXBuildFile; fileRef = 83E87F021B51DD70001D1DCA /* BezierPathsView.swift */; };
/* End PBXBuildFile section */

/* Begin PBXContainerItemProxy section */
		83E87EEF1B519C35001D1DCA /* PBXContainerItemProxy */ = {
			isa = PBXContainerItemProxy;
			containerPortal = 83E87ED11B519C35001D1DCA /* Project object */;
			proxyType = 1;
			remoteGlobalIDString = 83E87ED81B519C35001D1DCA;
			remoteInfo = DropIt;
		};
/* End PBXContainerItemProxy section */

/* Begin PBXFileReference section */
		83E87ED91B519C35001D1DCA /* DropIt.app */ = {isa = PBXFileReference; explicitFileType = wrapper.application; includeInIndex = 0; path = DropIt.app; sourceTree = BUILT_PRODUCTS_DIR; };
		83E87EDD1B519C35001D1DCA /* Info.plist */ = {isa = PBXFileReference; lastKnownFileType = text.plist.xml; path = Info.plist; sourceTree = "<group>"; };
		83E87EDE1B519C35001D1DCA /* AppDelegate.swift */ = {isa = PBXFileReference; lastKnownFileType = sourcecode.swift; path = AppDelegate.swift; sourceTree = "<group>"; };
		83E87EE31B519C35001D1DCA /* Base */ = {isa = PBXFileReference; lastKnownFileType = file.storyboard; name = Base; path = Base.lproj/Main.storyboard; sourceTree = "<group>"; };
		83E87EE51B519C35001D1DCA /* Images.xcassets */ = {isa = PBXFileReference; lastKnownFileType = folder.assetcatalog; path = Images.xcassets; sourceTree = "<group>"; };
		83E87EE81B519C35001D1DCA /* Base */ = {isa = PBXFileReference; lastKnownFileType = file.xib; name = Base; path = Base.lproj/LaunchScreen.xib; sourceTree = "<group>"; };
		83E87EEE1B519C35001D1DCA /* DropItTests.xctest */ = {isa = PBXFileReference; explicitFileType = wrapper.cfbundle; includeInIndex = 0; path = DropItTests.xctest; sourceTree = BUILT_PRODUCTS_DIR; };
		83E87EF31B519C35001D1DCA /* Info.plist */ = {isa = PBXFileReference; lastKnownFileType = text.plist.xml; path = Info.plist; sourceTree = "<group>"; };
		83E87EF41B519C35001D1DCA /* DropItTests.swift */ = {isa = PBXFileReference; lastKnownFileType = sourcecode.swift; path = DropItTests.swift; sourceTree = "<group>"; };
		83E87EFE1B519C85001D1DCA /* DropItViewController.swift */ = {isa = PBXFileReference; fileEncoding = 4; lastKnownFileType = sourcecode.swift; path = DropItViewController.swift; sourceTree = "<group>"; };
		83E87F001B51A3FE001D1DCA /* DropItBehavior.swift */ = {isa = PBXFileReference; fileEncoding = 4; lastKnownFileType = sourcecode.swift; path = DropItBehavior.swift; sourceTree = "<group>"; };
		83E87F021B51DD70001D1DCA /* BezierPathsView.swift */ = {isa = PBXFileReference; fileEncoding = 4; lastKnownFileType = sourcecode.swift; path = BezierPathsView.swift; sourceTree = "<group>"; };
/* End PBXFileReference section */

/* Begin PBXFrameworksBuildPhase section */
		83E87ED61B519C35001D1DCA /* Frameworks */ = {
			isa = PBXFrameworksBuildPhase;
			buildActionMask = 2147483647;
			files = (
			);
			runOnlyForDeploymentPostprocessing = 0;
		};
		83E87EEB1B519C35001D1DCA /* Frameworks */ = {
			isa = PBXFrameworksBuildPhase;
			buildActionMask = 2147483647;
			files = (
			);
			runOnlyForDeploymentPostprocessing = 0;
		};
/* End PBXFrameworksBuildPhase section */

/* Begin PBXGroup section */
		83E87ED01B519C35001D1DCA = {
			isa = PBXGroup;
			children = (
				83E87EDB1B519C35001D1DCA /* DropIt */,
				83E87EF11B519C35001D1DCA /* DropItTests */,
				83E87EDA1B519C35001D1DCA /* Products */,
			);
			sourceTree = "<group>";
		};
		83E87EDA1B519C35001D1DCA /* Products */ = {
			isa = PBXGroup;
			children = (
				83E87ED91B519C35001D1DCA /* DropIt.app */,
				83E87EEE1B519C35001D1DCA /* DropItTests.xctest */,
			);
			name = Products;
			sourceTree = "<group>";
		};
		83E87EDB1B519C35001D1DCA /* DropIt */ = {
			isa = PBXGroup;
			children = (
				83E87EE21B519C35001D1DCA /* Main.storyboard */,
				83E87EFE1B519C85001D1DCA /* DropItViewController.swift */,
				83E87F021B51DD70001D1DCA /* BezierPathsView.swift */,
				83E87F001B51A3FE001D1DCA /* DropItBehavior.swift */,
				83E87EDC1B519C35001D1DCA /* Supporting Files */,
			);
			path = DropIt;
			sourceTree = "<group>";
		};
		83E87EDC1B519C35001D1DCA /* Supporting Files */ = {
			isa = PBXGroup;
			children = (
				83E87EDE1B519C35001D1DCA /* AppDelegate.swift */,
				83E87EE51B519C35001D1DCA /* Images.xcassets */,
				83E87EE71B519C35001D1DCA /* LaunchScreen.xib */,
				83E87EDD1B519C35001D1DCA /* Info.plist */,
			);
			name = "Supporting Files";
			sourceTree = "<group>";
		};
		83E87EF11B519C35001D1DCA /* DropItTests */ = {
			isa = PBXGroup;
			children = (
				83E87EF41B519C35001D1DCA /* DropItTests.swift */,
				83E87EF21B519C35001D1DCA /* Supporting Files */,
			);
			path = DropItTests;
			sourceTree = "<group>";
		};
		83E87EF21B519C35001D1DCA /* Supporting Files */ = {
			isa = PBXGroup;
			children = (
				83E87EF31B519C35001D1DCA /* Info.plist */,
			);
			name = "Supporting Files";
			sourceTree = "<group>";
		};
/* End PBXGroup section */

/* Begin PBXNativeTarget section */
		83E87ED81B519C35001D1DCA /* DropIt */ = {
			isa = PBXNativeTarget;
			buildConfigurationList = 83E87EF81B519C35001D1DCA /* Build configuration list for PBXNativeTarget "DropIt" */;
			buildPhases = (
				83E87ED51B519C35001D1DCA /* Sources */,
				83E87ED61B519C35001D1DCA /* Frameworks */,
				83E87ED71B519C35001D1DCA /* Resources */,
			);
			buildRules = (
			);
			dependencies = (
			);
			name = DropIt;
			productName = DropIt;
			productReference = 83E87ED91B519C35001D1DCA /* DropIt.app */;
			productType = "com.apple.product-type.application";
		};
		83E87EED1B519C35001D1DCA /* DropItTests */ = {
			isa = PBXNativeTarget;
			buildConfigurationList = 83E87EFB1B519C35001D1DCA /* Build configuration list for PBXNativeTarget "DropItTests" */;
			buildPhases = (
				83E87EEA1B519C35001D1DCA /* Sources */,
				83E87EEB1B519C35001D1DCA /* Frameworks */,
				83E87EEC1B519C35001D1DCA /* Resources */,
			);
			buildRules = (
			);
			dependencies = (
				83E87EF01B519C35001D1DCA /* PBXTargetDependency */,
			);
			name = DropItTests;
			productName = DropItTests;
			productReference = 83E87EEE1B519C35001D1DCA /* DropItTests.xctest */;
			productType = "com.apple.product-type.bundle.unit-test";
		};
/* End PBXNativeTarget section */

/* Begin PBXProject section */
		83E87ED11B519C35001D1DCA /* Project object */ = {
			isa = PBXProject;
			attributes = {
				LastUpgradeCheck = 0640;
				ORGANIZATIONNAME = "Elizabeth Wei";
				TargetAttributes = {
					83E87ED81B519C35001D1DCA = {
						CreatedOnToolsVersion = 6.4;
					};
					83E87EED1B519C35001D1DCA = {
						CreatedOnToolsVersion = 6.4;
						TestTargetID = 83E87ED81B519C35001D1DCA;
					};
				};
			};
			buildConfigurationList = 83E87ED41B519C35001D1DCA /* Build configuration list for PBXProject "DropIt" */;
			compatibilityVersion = "Xcode 3.2";
			developmentRegion = English;
			hasScannedForEncodings = 0;
			knownRegions = (
				en,
				Base,
			);
			mainGroup = 83E87ED01B519C35001D1DCA;
			productRefGroup = 83E87EDA1B519C35001D1DCA /* Products */;
			projectDirPath = "";
			projectRoot = "";
			targets = (
				83E87ED81B519C35001D1DCA /* DropIt */,
				83E87EED1B519C35001D1DCA /* DropItTests */,
			);
		};
/* End PBXProject section */

/* Begin PBXResourcesBuildPhase section */
		83E87ED71B519C35001D1DCA /* Resources */ = {
			isa = PBXResourcesBuildPhase;
			buildActionMask = 2147483647;
			files = (
				83E87EE41B519C35001D1DCA /* Main.storyboard in Resources */,
				83E87EE91B519C35001D1DCA /* LaunchScreen.xib in Resources */,
				83E87EE61B519C35001D1DCA /* Images.xcassets in Resources */,
			);
			runOnlyForDeploymentPostprocessing = 0;
		};
		83E87EEC1B519C35001D1DCA /* Resources */ = {
			isa = PBXResourcesBuildPhase;
			buildActionMask = 2147483647;
			files = (
			);
			runOnlyForDeploymentPostprocessing = 0;
		};
/* End PBXResourcesBuildPhase section */

/* Begin PBXSourcesBuildPhase section */
		83E87ED51B519C35001D1DCA /* Sources */ = {
			isa = PBXSourcesBuildPhase;
			buildActionMask = 2147483647;
			files = (
				83E87F031B51DD70001D1DCA /* BezierPathsView.swift in Sources */,
				83E87EFF1B519C85001D1DCA /* DropItViewController.swift in Sources */,
				83E87EDF1B519C35001D1DCA /* AppDelegate.swift in Sources */,
				83E87F011B51A3FE001D1DCA /* DropItBehavior.swift in Sources */,
			);
			runOnlyForDeploymentPostprocessing = 0;
		};
		83E87EEA1B519C35001D1DCA /* Sources */ = {
			isa = PBXSourcesBuildPhase;
			buildActionMask = 2147483647;
			files = (
				83E87EF51B519C35001D1DCA /* DropItTests.swift in Sources */,
			);
			runOnlyForDeploymentPostprocessing = 0;
		};
/* End PBXSourcesBuildPhase section */

/* Begin PBXTargetDependency section */
		83E87EF01B519C35001D1DCA /* PBXTargetDependency */ = {
			isa = PBXTargetDependency;
			target = 83E87ED81B519C35001D1DCA /* DropIt */;
			targetProxy = 83E87EEF1B519C35001D1DCA /* PBXContainerItemProxy */;
		};
/* End PBXTargetDependency section */

/* Begin PBXVariantGroup section */
		83E87EE21B519C35001D1DCA /* Main.storyboard */ = {
			isa = PBXVariantGroup;
			children = (
				83E87EE31B519C35001D1DCA /* Base */,
			);
			name = Main.storyboard;
			sourceTree = "<group>";
		};
		83E87EE71B519C35001D1DCA /* LaunchScreen.xib */ = {
			isa = PBXVariantGroup;
			children = (
				83E87EE81B519C35001D1DCA /* Base */,
			);
			name = LaunchScreen.xib;
			sourceTree = "<group>";
		};
/* End PBXVariantGroup section */

/* Begin XCBuildConfiguration section */
		83E87EF61B519C35001D1DCA /* Debug */ = {
			isa = XCBuildConfiguration;
			buildSettings = {
				ALWAYS_SEARCH_USER_PATHS = NO;
				CLANG_CXX_LANGUAGE_STANDARD = "gnu++0x";
				CLANG_CXX_LIBRARY = "libc++";
				CLANG_ENABLE_MODULES = YES;
				CLANG_ENABLE_OBJC_ARC = YES;
				CLANG_WARN_BOOL_CONVERSION = YES;
				CLANG_WARN_CONSTANT_CONVERSION = YES;
				CLANG_WARN_DIRECT_OBJC_ISA_USAGE = YES_ERROR;
				CLANG_WARN_EMPTY_BODY = YES;
				CLANG_WARN_ENUM_CONVERSION = YES;
				CLANG_WARN_INT_CONVERSION = YES;
				CLANG_WARN_OBJC_ROOT_CLASS = YES_ERROR;
				CLANG_WARN_UNREACHABLE_CODE = YES;
				CLANG_WARN__DUPLICATE_METHOD_MATCH = YES;
				"CODE_SIGN_IDENTITY[sdk=iphoneos*]" = "iPhone Developer";
				COPY_PHASE_STRIP = NO;
				DEBUG_INFORMATION_FORMAT = "dwarf-with-dsym";
				ENABLE_STRICT_OBJC_MSGSEND = YES;
				GCC_C_LANGUAGE_STANDARD = gnu99;
				GCC_DYNAMIC_NO_PIC = NO;
				GCC_NO_COMMON_BLOCKS = YES;
				GCC_OPTIMIZATION_LEVEL = 0;
				GCC_PREPROCESSOR_DEFINITIONS = (
					"DEBUG=1",
					"$(inherited)",
				);
				GCC_SYMBOLS_PRIVATE_EXTERN = NO;
				GCC_WARN_64_TO_32_BIT_CONVERSION = YES;
				GCC_WARN_ABOUT_RETURN_TYPE = YES_ERROR;
				GCC_WARN_UNDECLARED_SELECTOR = YES;
				GCC_WARN_UNINITIALIZED_AUTOS = YES_AGGRESSIVE;
				GCC_WARN_UNUSED_FUNCTION = YES;
				GCC_WARN_UNUSED_VARIABLE = YES;
				IPHONEOS_DEPLOYMENT_TARGET = 8.4;
				MTL_ENABLE_DEBUG_INFO = YES;
				ONLY_ACTIVE_ARCH = YES;
				SDKROOT = iphoneos;
				SWIFT_OPTIMIZATION_LEVEL = "-Onone";
				TARGETED_DEVICE_FAMILY = "1,2";
			};
			name = Debug;
		};
		83E87EF71B519C35001D1DCA /* Release */ = {
			isa = XCBuildConfiguration;
			buildSettings = {
				ALWAYS_SEARCH_USER_PATHS = NO;
				CLANG_CXX_LANGUAGE_STANDARD = "gnu++0x";
				CLANG_CXX_LIBRARY = "libc++";
				CLANG_ENABLE_MODULES = YES;
				CLANG_ENABLE_OBJC_ARC = YES;
				CLANG_WARN_BOOL_CONVERSION = YES;
				CLANG_WARN_CONSTANT_CONVERSION = YES;
				CLANG_WARN_DIRECT_OBJC_ISA_USAGE = YES_ERROR;
				CLANG_WARN_EMPTY_BODY = YES;
				CLANG_WARN_ENUM_CONVERSION = YES;
				CLANG_WARN_INT_CONVERSION = YES;
				CLANG_WARN_OBJC_ROOT_CLASS = YES_ERROR;
				CLANG_WARN_UNREACHABLE_CODE = YES;
				CLANG_WARN__DUPLICATE_METHOD_MATCH = YES;
				"CODE_SIGN_IDENTITY[sdk=iphoneos*]" = "iPhone Developer";
				COPY_PHASE_STRIP = NO;
				DEBUG_INFORMATION_FORMAT = "dwarf-with-dsym";
				ENABLE_NS_ASSERTIONS = NO;
				ENABLE_STRICT_OBJC_MSGSEND = YES;
				GCC_C_LANGUAGE_STANDARD = gnu99;
				GCC_NO_COMMON_BLOCKS = YES;
				GCC_WARN_64_TO_32_BIT_CONVERSION = YES;
				GCC_WARN_ABOUT_RETURN_TYPE = YES_ERROR;
				GCC_WARN_UNDECLARED_SELECTOR = YES;
				GCC_WARN_UNINITIALIZED_AUTOS = YES_AGGRESSIVE;
				GCC_WARN_UNUSED_FUNCTION = YES;
				GCC_WARN_UNUSED_VARIABLE = YES;
				IPHONEOS_DEPLOYMENT_TARGET = 8.4;
				MTL_ENABLE_DEBUG_INFO = NO;
				SDKROOT = iphoneos;
				TARGETED_DEVICE_FAMILY = "1,2";
				VALIDATE_PRODUCT = YES;
			};
			name = Release;
		};
		83E87EF91B519C35001D1DCA /* Debug */ = {
			isa = XCBuildConfiguration;
			buildSettings = {
				ASSETCATALOG_COMPILER_APPICON_NAME = AppIcon;
				INFOPLIST_FILE = DropIt/Info.plist;
				LD_RUNPATH_SEARCH_PATHS = "$(inherited) @executable_path/Frameworks";
				PRODUCT_NAME = "$(TARGET_NAME)";
			};
			name = Debug;
		};
		83E87EFA1B519C35001D1DCA /* Release */ = {
			isa = XCBuildConfiguration;
			buildSettings = {
				ASSETCATALOG_COMPILER_APPICON_NAME = AppIcon;
				INFOPLIST_FILE = DropIt/Info.plist;
				LD_RUNPATH_SEARCH_PATHS = "$(inherited) @executable_path/Frameworks";
				PRODUCT_NAME = "$(TARGET_NAME)";
			};
			name = Release;
		};
		83E87EFC1B519C35001D1DCA /* Debug */ = {
			isa = XCBuildConfiguration;
			buildSettings = {
				BUNDLE_LOADER = "$(TEST_HOST)";
				FRAMEWORK_SEARCH_PATHS = (
					"$(SDKROOT)/Developer/Library/Frameworks",
					"$(inherited)",
				);
				GCC_PREPROCESSOR_DEFINITIONS = (
					"DEBUG=1",
					"$(inherited)",
				);
				INFOPLIST_FILE = DropItTests/Info.plist;
				LD_RUNPATH_SEARCH_PATHS = "$(inherited) @executable_path/Frameworks @loader_path/Frameworks";
				PRODUCT_NAME = "$(TARGET_NAME)";
				TEST_HOST = "$(BUILT_PRODUCTS_DIR)/DropIt.app/DropIt";
			};
			name = Debug;
		};
		83E87EFD1B519C35001D1DCA /* Release */ = {
			isa = XCBuildConfiguration;
			buildSettings = {
				BUNDLE_LOADER = "$(TEST_HOST)";
				FRAMEWORK_SEARCH_PATHS = (
					"$(SDKROOT)/Developer/Library/Frameworks",
					"$(inherited)",
				);
				INFOPLIST_FILE = DropItTests/Info.plist;
				LD_RUNPATH_SEARCH_PATHS = "$(inherited) @executable_path/Frameworks @loader_path/Frameworks";
				PRODUCT_NAME = "$(TARGET_NAME)";
				TEST_HOST = "$(BUILT_PRODUCTS_DIR)/DropIt.app/DropIt";
			};
			name = Release;
		};
/* End XCBuildConfiguration section */

/* Begin XCConfigurationList section */
		83E87ED41B519C35001D1DCA /* Build configuration list for PBXProject "DropIt" */ = {
			isa = XCConfigurationList;
			buildConfigurations = (
				83E87EF61B519C35001D1DCA /* Debug */,
				83E87EF71B519C35001D1DCA /* Release */,
			);
			defaultConfigurationIsVisible = 0;
			defaultConfigurationName = Release;
		};
		83E87EF81B519C35001D1DCA /* Build configuration list for PBXNativeTarget "DropIt" */ = {
			isa = XCConfigurationList;
			buildConfigurations = (
				83E87EF91B519C35001D1DCA /* Debug */,
				83E87EFA1B519C35001D1DCA /* Release */,
			);
			defaultConfigurationIsVisible = 0;
		};
		83E87EFB1B519C35001D1DCA /* Build configuration list for PBXNativeTarget "DropItTests" */ = {
			isa = XCConfigurationList;
			buildConfigurations = (
				83E87EFC1B519C35001D1DCA /* Debug */,
				83E87EFD1B519C35001D1DCA /* Release */,
			);
			defaultConfigurationIsVisible = 0;
		};
/* End XCConfigurationList section */
	};
	rootObject = 83E87ED11B519C35001D1DCA /* Project object */;
}
