// !$*UTF8*$!
{
	archiveVersion = 1;
	classes = {
	};
	objectVersion = 46;
	objects = {

/* Begin PBXBuildFile section */
		83ED568C1B3D06A20051910F /* AppDelegate.swift in Sources */ = {isa = PBXBuildFile; fileRef = 83ED568B1B3D06A20051910F /* AppDelegate.swift */; };
		83ED56911B3D06A20051910F /* Main.storyboard in Resources */ = {isa = PBXBuildFile; fileRef = 83ED568F1B3D06A20051910F /* Main.storyboard */; };
		83ED56931B3D06A20051910F /* Images.xcassets in Resources */ = {isa = PBXBuildFile; fileRef = 83ED56921B3D06A20051910F /* Images.xcassets */; };
		83ED56961B3D06A20051910F /* LaunchScreen.xib in Resources */ = {isa = PBXBuildFile; fileRef = 83ED56941B3D06A20051910F /* LaunchScreen.xib */; };
		83ED56A21B3D06A20051910F /* HappinessTests.swift in Sources */ = {isa = PBXBuildFile; fileRef = 83ED56A11B3D06A20051910F /* HappinessTests.swift */; };
		83ED56AC1B3D08910051910F /* HappinessViewController.swift in Sources */ = {isa = PBXBuildFile; fileRef = 83ED56AB1B3D08910051910F /* HappinessViewController.swift */; };
		83ED56AE1B3D09860051910F /* FaceView.swift in Sources */ = {isa = PBXBuildFile; fileRef = 83ED56AD1B3D09860051910F /* FaceView.swift */; };
/* End PBXBuildFile section */

/* Begin PBXContainerItemProxy section */
		83ED569C1B3D06A20051910F /* PBXContainerItemProxy */ = {
			isa = PBXContainerItemProxy;
			containerPortal = 83ED567E1B3D06A20051910F /* Project object */;
			proxyType = 1;
			remoteGlobalIDString = 83ED56851B3D06A20051910F;
			remoteInfo = Happiness;
		};
/* End PBXContainerItemProxy section */

/* Begin PBXFileReference section */
		83ED56861B3D06A20051910F /* Happiness.app */ = {isa = PBXFileReference; explicitFileType = wrapper.application; includeInIndex = 0; path = Happiness.app; sourceTree = BUILT_PRODUCTS_DIR; };
		83ED568A1B3D06A20051910F /* Info.plist */ = {isa = PBXFileReference; lastKnownFileType = text.plist.xml; path = Info.plist; sourceTree = "<group>"; };
		83ED568B1B3D06A20051910F /* AppDelegate.swift */ = {isa = PBXFileReference; lastKnownFileType = sourcecode.swift; path = AppDelegate.swift; sourceTree = "<group>"; };
		83ED56901B3D06A20051910F /* Base */ = {isa = PBXFileReference; lastKnownFileType = file.storyboard; name = Base; path = Base.lproj/Main.storyboard; sourceTree = "<group>"; };
		83ED56921B3D06A20051910F /* Images.xcassets */ = {isa = PBXFileReference; lastKnownFileType = folder.assetcatalog; path = Images.xcassets; sourceTree = "<group>"; };
		83ED56951B3D06A20051910F /* Base */ = {isa = PBXFileReference; lastKnownFileType = file.xib; name = Base; path = Base.lproj/LaunchScreen.xib; sourceTree = "<group>"; };
		83ED569B1B3D06A20051910F /* HappinessTests.xctest */ = {isa = PBXFileReference; explicitFileType = wrapper.cfbundle; includeInIndex = 0; path = HappinessTests.xctest; sourceTree = BUILT_PRODUCTS_DIR; };
		83ED56A01B3D06A20051910F /* Info.plist */ = {isa = PBXFileReference; lastKnownFileType = text.plist.xml; path = Info.plist; sourceTree = "<group>"; };
		83ED56A11B3D06A20051910F /* HappinessTests.swift */ = {isa = PBXFileReference; lastKnownFileType = sourcecode.swift; path = HappinessTests.swift; sourceTree = "<group>"; };
		83ED56AB1B3D08910051910F /* HappinessViewController.swift */ = {isa = PBXFileReference; fileEncoding = 4; lastKnownFileType = sourcecode.swift; path = HappinessViewController.swift; sourceTree = "<group>"; };
		83ED56AD1B3D09860051910F /* FaceView.swift */ = {isa = PBXFileReference; fileEncoding = 4; lastKnownFileType = sourcecode.swift; path = FaceView.swift; sourceTree = "<group>"; };
/* End PBXFileReference section */

/* Begin PBXFrameworksBuildPhase section */
		83ED56831B3D06A20051910F /* Frameworks */ = {
			isa = PBXFrameworksBuildPhase;
			buildActionMask = 2147483647;
			files = (
			);
			runOnlyForDeploymentPostprocessing = 0;
		};
		83ED56981B3D06A20051910F /* Frameworks */ = {
			isa = PBXFrameworksBuildPhase;
			buildActionMask = 2147483647;
			files = (
			);
			runOnlyForDeploymentPostprocessing = 0;
		};
/* End PBXFrameworksBuildPhase section */

/* Begin PBXGroup section */
		83ED567D1B3D06A20051910F = {
			isa = PBXGroup;
			children = (
				83ED56881B3D06A20051910F /* Happiness */,
				83ED569E1B3D06A20051910F /* HappinessTests */,
				83ED56871B3D06A20051910F /* Products */,
			);
			sourceTree = "<group>";
		};
		83ED56871B3D06A20051910F /* Products */ = {
			isa = PBXGroup;
			children = (
				83ED56861B3D06A20051910F /* Happiness.app */,
				83ED569B1B3D06A20051910F /* HappinessTests.xctest */,
			);
			name = Products;
			sourceTree = "<group>";
		};
		83ED56881B3D06A20051910F /* Happiness */ = {
			isa = PBXGroup;
			children = (
				83ED568F1B3D06A20051910F /* Main.storyboard */,
				83ED56AD1B3D09860051910F /* FaceView.swift */,
				83ED56AB1B3D08910051910F /* HappinessViewController.swift */,
				83ED56891B3D06A20051910F /* Supporting Files */,
			);
			path = Happiness;
			sourceTree = "<group>";
		};
		83ED56891B3D06A20051910F /* Supporting Files */ = {
			isa = PBXGroup;
			children = (
				83ED56941B3D06A20051910F /* LaunchScreen.xib */,
				83ED56921B3D06A20051910F /* Images.xcassets */,
				83ED568B1B3D06A20051910F /* AppDelegate.swift */,
				83ED568A1B3D06A20051910F /* Info.plist */,
			);
			name = "Supporting Files";
			sourceTree = "<group>";
		};
		83ED569E1B3D06A20051910F /* HappinessTests */ = {
			isa = PBXGroup;
			children = (
				83ED56A11B3D06A20051910F /* HappinessTests.swift */,
				83ED569F1B3D06A20051910F /* Supporting Files */,
			);
			path = HappinessTests;
			sourceTree = "<group>";
		};
		83ED569F1B3D06A20051910F /* Supporting Files */ = {
			isa = PBXGroup;
			children = (
				83ED56A01B3D06A20051910F /* Info.plist */,
			);
			name = "Supporting Files";
			sourceTree = "<group>";
		};
/* End PBXGroup section */

/* Begin PBXNativeTarget section */
		83ED56851B3D06A20051910F /* Happiness */ = {
			isa = PBXNativeTarget;
			buildConfigurationList = 83ED56A51B3D06A20051910F /* Build configuration list for PBXNativeTarget "Happiness" */;
			buildPhases = (
				83ED56821B3D06A20051910F /* Sources */,
				83ED56831B3D06A20051910F /* Frameworks */,
				83ED56841B3D06A20051910F /* Resources */,
			);
			buildRules = (
			);
			dependencies = (
			);
			name = Happiness;
			productName = Happiness;
			productReference = 83ED56861B3D06A20051910F /* Happiness.app */;
			productType = "com.apple.product-type.application";
		};
		83ED569A1B3D06A20051910F /* HappinessTests */ = {
			isa = PBXNativeTarget;
			buildConfigurationList = 83ED56A81B3D06A20051910F /* Build configuration list for PBXNativeTarget "HappinessTests" */;
			buildPhases = (
				83ED56971B3D06A20051910F /* Sources */,
				83ED56981B3D06A20051910F /* Frameworks */,
				83ED56991B3D06A20051910F /* Resources */,
			);
			buildRules = (
			);
			dependencies = (
				83ED569D1B3D06A20051910F /* PBXTargetDependency */,
			);
			name = HappinessTests;
			productName = HappinessTests;
			productReference = 83ED569B1B3D06A20051910F /* HappinessTests.xctest */;
			productType = "com.apple.product-type.bundle.unit-test";
		};
/* End PBXNativeTarget section */

/* Begin PBXProject section */
		83ED567E1B3D06A20051910F /* Project object */ = {
			isa = PBXProject;
			attributes = {
				LastUpgradeCheck = 0630;
				ORGANIZATIONNAME = "Elizabeth Wei";
				TargetAttributes = {
					83ED56851B3D06A20051910F = {
						CreatedOnToolsVersion = 6.3.1;
					};
					83ED569A1B3D06A20051910F = {
						CreatedOnToolsVersion = 6.3.1;
						TestTargetID = 83ED56851B3D06A20051910F;
					};
				};
			};
			buildConfigurationList = 83ED56811B3D06A20051910F /* Build configuration list for PBXProject "Happiness" */;
			compatibilityVersion = "Xcode 3.2";
			developmentRegion = English;
			hasScannedForEncodings = 0;
			knownRegions = (
				en,
				Base,
			);
			mainGroup = 83ED567D1B3D06A20051910F;
			productRefGroup = 83ED56871B3D06A20051910F /* Products */;
			projectDirPath = "";
			projectRoot = "";
			targets = (
				83ED56851B3D06A20051910F /* Happiness */,
				83ED569A1B3D06A20051910F /* HappinessTests */,
			);
		};
/* End PBXProject section */

/* Begin PBXResourcesBuildPhase section */
		83ED56841B3D06A20051910F /* Resources */ = {
			isa = PBXResourcesBuildPhase;
			buildActionMask = 2147483647;
			files = (
				83ED56911B3D06A20051910F /* Main.storyboard in Resources */,
				83ED56961B3D06A20051910F /* LaunchScreen.xib in Resources */,
				83ED56931B3D06A20051910F /* Images.xcassets in Resources */,
			);
			runOnlyForDeploymentPostprocessing = 0;
		};
		83ED56991B3D06A20051910F /* Resources */ = {
			isa = PBXResourcesBuildPhase;
			buildActionMask = 2147483647;
			files = (
			);
			runOnlyForDeploymentPostprocessing = 0;
		};
/* End PBXResourcesBuildPhase section */

/* Begin PBXSourcesBuildPhase section */
		83ED56821B3D06A20051910F /* Sources */ = {
			isa = PBXSourcesBuildPhase;
			buildActionMask = 2147483647;
			files = (
				83ED56AC1B3D08910051910F /* HappinessViewController.swift in Sources */,
				83ED568C1B3D06A20051910F /* AppDelegate.swift in Sources */,
				83ED56AE1B3D09860051910F /* FaceView.swift in Sources */,
			);
			runOnlyForDeploymentPostprocessing = 0;
		};
		83ED56971B3D06A20051910F /* Sources */ = {
			isa = PBXSourcesBuildPhase;
			buildActionMask = 2147483647;
			files = (
				83ED56A21B3D06A20051910F /* HappinessTests.swift in Sources */,
			);
			runOnlyForDeploymentPostprocessing = 0;
		};
/* End PBXSourcesBuildPhase section */

/* Begin PBXTargetDependency section */
		83ED569D1B3D06A20051910F /* PBXTargetDependency */ = {
			isa = PBXTargetDependency;
			target = 83ED56851B3D06A20051910F /* Happiness */;
			targetProxy = 83ED569C1B3D06A20051910F /* PBXContainerItemProxy */;
		};
/* End PBXTargetDependency section */

/* Begin PBXVariantGroup section */
		83ED568F1B3D06A20051910F /* Main.storyboard */ = {
			isa = PBXVariantGroup;
			children = (
				83ED56901B3D06A20051910F /* Base */,
			);
			name = Main.storyboard;
			sourceTree = "<group>";
		};
		83ED56941B3D06A20051910F /* LaunchScreen.xib */ = {
			isa = PBXVariantGroup;
			children = (
				83ED56951B3D06A20051910F /* Base */,
			);
			name = LaunchScreen.xib;
			sourceTree = "<group>";
		};
/* End PBXVariantGroup section */

/* Begin XCBuildConfiguration section */
		83ED56A31B3D06A20051910F /* Debug */ = {
			isa = XCBuildConfiguration;
			buildSettings = {
				ALWAYS_SEARCH_USER_PATHS = NO;
				CLANG_CXX_LANGUAGE_STANDARD = "gnu++0x";
				CLANG_CXX_LIBRARY = "libc++";
				CLANG_ENABLE_MODULES = YES;
				CLANG_ENABLE_OBJC_ARC = YES;
				CLANG_WARN_BOOL_CONVERSION = YES;
				CLANG_WARN_CONSTANT_CONVERSION = YES;
				CLANG_WARN_DIRECT_OBJC_ISA_USAGE = YES_ERROR;
				CLANG_WARN_EMPTY_BODY = YES;
				CLANG_WARN_ENUM_CONVERSION = YES;
				CLANG_WARN_INT_CONVERSION = YES;
				CLANG_WARN_OBJC_ROOT_CLASS = YES_ERROR;
				CLANG_WARN_UNREACHABLE_CODE = YES;
				CLANG_WARN__DUPLICATE_METHOD_MATCH = YES;
				"CODE_SIGN_IDENTITY[sdk=iphoneos*]" = "iPhone Developer";
				COPY_PHASE_STRIP = NO;
				DEBUG_INFORMATION_FORMAT = "dwarf-with-dsym";
				ENABLE_STRICT_OBJC_MSGSEND = YES;
				GCC_C_LANGUAGE_STANDARD = gnu99;
				GCC_DYNAMIC_NO_PIC = NO;
				GCC_NO_COMMON_BLOCKS = YES;
				GCC_OPTIMIZATION_LEVEL = 0;
				GCC_PREPROCESSOR_DEFINITIONS = (
					"DEBUG=1",
					"$(inherited)",
				);
				GCC_SYMBOLS_PRIVATE_EXTERN = NO;
				GCC_WARN_64_TO_32_BIT_CONVERSION = YES;
				GCC_WARN_ABOUT_RETURN_TYPE = YES_ERROR;
				GCC_WARN_UNDECLARED_SELECTOR = YES;
				GCC_WARN_UNINITIALIZED_AUTOS = YES_AGGRESSIVE;
				GCC_WARN_UNUSED_FUNCTION = YES;
				GCC_WARN_UNUSED_VARIABLE = YES;
				IPHONEOS_DEPLOYMENT_TARGET = 8.3;
				MTL_ENABLE_DEBUG_INFO = YES;
				ONLY_ACTIVE_ARCH = YES;
				SDKROOT = iphoneos;
				SWIFT_OPTIMIZATION_LEVEL = "-Onone";
				TARGETED_DEVICE_FAMILY = "1,2";
			};
			name = Debug;
		};
		83ED56A41B3D06A20051910F /* Release */ = {
			isa = XCBuildConfiguration;
			buildSettings = {
				ALWAYS_SEARCH_USER_PATHS = NO;
				CLANG_CXX_LANGUAGE_STANDARD = "gnu++0x";
				CLANG_CXX_LIBRARY = "libc++";
				CLANG_ENABLE_MODULES = YES;
				CLANG_ENABLE_OBJC_ARC = YES;
				CLANG_WARN_BOOL_CONVERSION = YES;
				CLANG_WARN_CONSTANT_CONVERSION = YES;
				CLANG_WARN_DIRECT_OBJC_ISA_USAGE = YES_ERROR;
				CLANG_WARN_EMPTY_BODY = YES;
				CLANG_WARN_ENUM_CONVERSION = YES;
				CLANG_WARN_INT_CONVERSION = YES;
				CLANG_WARN_OBJC_ROOT_CLASS = YES_ERROR;
				CLANG_WARN_UNREACHABLE_CODE = YES;
				CLANG_WARN__DUPLICATE_METHOD_MATCH = YES;
				"CODE_SIGN_IDENTITY[sdk=iphoneos*]" = "iPhone Developer";
				COPY_PHASE_STRIP = NO;
				DEBUG_INFORMATION_FORMAT = "dwarf-with-dsym";
				ENABLE_NS_ASSERTIONS = NO;
				ENABLE_STRICT_OBJC_MSGSEND = YES;
				GCC_C_LANGUAGE_STANDARD = gnu99;
				GCC_NO_COMMON_BLOCKS = YES;
				GCC_WARN_64_TO_32_BIT_CONVERSION = YES;
				GCC_WARN_ABOUT_RETURN_TYPE = YES_ERROR;
				GCC_WARN_UNDECLARED_SELECTOR = YES;
				GCC_WARN_UNINITIALIZED_AUTOS = YES_AGGRESSIVE;
				GCC_WARN_UNUSED_FUNCTION = YES;
				GCC_WARN_UNUSED_VARIABLE = YES;
				IPHONEOS_DEPLOYMENT_TARGET = 8.3;
				MTL_ENABLE_DEBUG_INFO = NO;
				SDKROOT = iphoneos;
				TARGETED_DEVICE_FAMILY = "1,2";
				VALIDATE_PRODUCT = YES;
			};
			name = Release;
		};
		83ED56A61B3D06A20051910F /* Debug */ = {
			isa = XCBuildConfiguration;
			buildSettings = {
				ASSETCATALOG_COMPILER_APPICON_NAME = AppIcon;
				INFOPLIST_FILE = Happiness/Info.plist;
				LD_RUNPATH_SEARCH_PATHS = "$(inherited) @executable_path/Frameworks";
				PRODUCT_NAME = "$(TARGET_NAME)";
			};
			name = Debug;
		};
		83ED56A71B3D06A20051910F /* Release */ = {
			isa = XCBuildConfiguration;
			buildSettings = {
				ASSETCATALOG_COMPILER_APPICON_NAME = AppIcon;
				INFOPLIST_FILE = Happiness/Info.plist;
				LD_RUNPATH_SEARCH_PATHS = "$(inherited) @executable_path/Frameworks";
				PRODUCT_NAME = "$(TARGET_NAME)";
			};
			name = Release;
		};
		83ED56A91B3D06A20051910F /* Debug */ = {
			isa = XCBuildConfiguration;
			buildSettings = {
				BUNDLE_LOADER = "$(TEST_HOST)";
				FRAMEWORK_SEARCH_PATHS = (
					"$(SDKROOT)/Developer/Library/Frameworks",
					"$(inherited)",
				);
				GCC_PREPROCESSOR_DEFINITIONS = (
					"DEBUG=1",
					"$(inherited)",
				);
				INFOPLIST_FILE = HappinessTests/Info.plist;
				LD_RUNPATH_SEARCH_PATHS = "$(inherited) @executable_path/Frameworks @loader_path/Frameworks";
				PRODUCT_NAME = "$(TARGET_NAME)";
				TEST_HOST = "$(BUILT_PRODUCTS_DIR)/Happiness.app/Happiness";
			};
			name = Debug;
		};
		83ED56AA1B3D06A20051910F /* Release */ = {
			isa = XCBuildConfiguration;
			buildSettings = {
				BUNDLE_LOADER = "$(TEST_HOST)";
				FRAMEWORK_SEARCH_PATHS = (
					"$(SDKROOT)/Developer/Library/Frameworks",
					"$(inherited)",
				);
				INFOPLIST_FILE = HappinessTests/Info.plist;
				LD_RUNPATH_SEARCH_PATHS = "$(inherited) @executable_path/Frameworks @loader_path/Frameworks";
				PRODUCT_NAME = "$(TARGET_NAME)";
				TEST_HOST = "$(BUILT_PRODUCTS_DIR)/Happiness.app/Happiness";
			};
			name = Release;
		};
/* End XCBuildConfiguration section */

/* Begin XCConfigurationList section */
		83ED56811B3D06A20051910F /* Build configuration list for PBXProject "Happiness" */ = {
			isa = XCConfigurationList;
			buildConfigurations = (
				83ED56A31B3D06A20051910F /* Debug */,
				83ED56A41B3D06A20051910F /* Release */,
			);
			defaultConfigurationIsVisible = 0;
			defaultConfigurationName = Release;
		};
		83ED56A51B3D06A20051910F /* Build configuration list for PBXNativeTarget "Happiness" */ = {
			isa = XCConfigurationList;
			buildConfigurations = (
				83ED56A61B3D06A20051910F /* Debug */,
				83ED56A71B3D06A20051910F /* Release */,
			);
			defaultConfigurationIsVisible = 0;
		};
		83ED56A81B3D06A20051910F /* Build configuration list for PBXNativeTarget "HappinessTests" */ = {
			isa = XCConfigurationList;
			buildConfigurations = (
				83ED56A91B3D06A20051910F /* Debug */,
				83ED56AA1B3D06A20051910F /* Release */,
			);
			defaultConfigurationIsVisible = 0;
		};
/* End XCConfigurationList section */
	};
	rootObject = 83ED567E1B3D06A20051910F /* Project object */;
}
